// !$*UTF8*$!
{
	archiveVersion = 1;
	classes = {
	};
	objectVersion = 56;
	objects = {

/* Begin PBXBuildFile section */
		1E32F7C92B8A344500EBA22C /* PokemonListSnapshotTests.swift in Sources */ = {isa = PBXBuildFile; fileRef = 1E32F7C82B8A344500EBA22C /* PokemonListSnapshotTests.swift */; };
		1E32F7D02B8A347500EBA22C /* SnapshotTesting in Frameworks */ = {isa = PBXBuildFile; productRef = 1E32F7CF2B8A347500EBA22C /* SnapshotTesting */; };
		1E32F7D92B8A4A1C00EBA22C /* PokemonDetailModel.swift in Sources */ = {isa = PBXBuildFile; fileRef = 1E32F7D82B8A4A1C00EBA22C /* PokemonDetailModel.swift */; };
		1E32F7DB2B8A4A2F00EBA22C /* PokemonDetailEntity.swift in Sources */ = {isa = PBXBuildFile; fileRef = 1E32F7DA2B8A4A2F00EBA22C /* PokemonDetailEntity.swift */; };
		1E32F7DE2B8AFFC600EBA22C /* PokemonDetailViewController.swift in Sources */ = {isa = PBXBuildFile; fileRef = 1E32F7DD2B8AFFC600EBA22C /* PokemonDetailViewController.swift */; };
		1E32F7E02B8AFFF200EBA22C /* PokemonDetailViewModel.swift in Sources */ = {isa = PBXBuildFile; fileRef = 1E32F7DF2B8AFFF200EBA22C /* PokemonDetailViewModel.swift */; };
		1E32F7E82B8B2CA500EBA22C /* PokemonPokedexEntity.swift in Sources */ = {isa = PBXBuildFile; fileRef = 1E32F7E72B8B2CA500EBA22C /* PokemonPokedexEntity.swift */; };
		1E32F7EA2B8B2E0D00EBA22C /* PokemonEvolutionChainEntity.swift in Sources */ = {isa = PBXBuildFile; fileRef = 1E32F7E92B8B2E0D00EBA22C /* PokemonEvolutionChainEntity.swift */; };
		1E32F7EC2B8B2F2900EBA22C /* PokemonPokedexModel.swift in Sources */ = {isa = PBXBuildFile; fileRef = 1E32F7EB2B8B2F2900EBA22C /* PokemonPokedexModel.swift */; };
		1E32F7EE2B8B2F3300EBA22C /* PokemonEvolutionChainModel.swift in Sources */ = {isa = PBXBuildFile; fileRef = 1E32F7ED2B8B2F3300EBA22C /* PokemonEvolutionChainModel.swift */; };
		1E32F7F32B8B4C6E00EBA22C /* CoreDataManager.swift in Sources */ = {isa = PBXBuildFile; fileRef = 1E32F7F22B8B4C6E00EBA22C /* CoreDataManager.swift */; };
		1E32F7FB2B8B555000EBA22C /* CoreDataRespository.swift in Sources */ = {isa = PBXBuildFile; fileRef = 1E32F7FA2B8B555000EBA22C /* CoreDataRespository.swift */; };
		1E32F7FD2B8B801B00EBA22C /* PokemonListHeaderView.swift in Sources */ = {isa = PBXBuildFile; fileRef = 1E32F7FC2B8B801B00EBA22C /* PokemonListHeaderView.swift */; };
		1E37DD202B8E1CE100045F6A /* SaveToCoreDataVisitor.swift in Sources */ = {isa = PBXBuildFile; fileRef = 1E37DD1F2B8E1CE100045F6A /* SaveToCoreDataVisitor.swift */; };
		1E37DD232B8E317F00045F6A /* PokemonListModelMapping.swift in Sources */ = {isa = PBXBuildFile; fileRef = 1E37DD222B8E317F00045F6A /* PokemonListModelMapping.swift */; };
		1E37DD252B8E328F00045F6A /* PokemonDetailModelMapping.swift in Sources */ = {isa = PBXBuildFile; fileRef = 1E37DD242B8E328F00045F6A /* PokemonDetailModelMapping.swift */; };
		1E37DD272B8E340400045F6A /* PokemonPokedexModelMapping.swift in Sources */ = {isa = PBXBuildFile; fileRef = 1E37DD262B8E340400045F6A /* PokemonPokedexModelMapping.swift */; };
		1E37DD292B8E340D00045F6A /* PokemonEvolutionChainModelMapping.swift in Sources */ = {isa = PBXBuildFile; fileRef = 1E37DD282B8E340D00045F6A /* PokemonEvolutionChainModelMapping.swift */; };
		1E37DD2B2B8EDA5500045F6A /* PokemonDetailSnapshotTests.swift in Sources */ = {isa = PBXBuildFile; fileRef = 1E37DD2A2B8EDA5500045F6A /* PokemonDetailSnapshotTests.swift */; };
		1E37DD2E2B8EEC3800045F6A /* CoreDataRespositoryTests.swift in Sources */ = {isa = PBXBuildFile; fileRef = 1E37DD2D2B8EEC3800045F6A /* CoreDataRespositoryTests.swift */; };
		1E37DD302B8EFCDF00045F6A /* PokemonRepositoryTests.swift in Sources */ = {isa = PBXBuildFile; fileRef = 1E37DD2F2B8EFCDF00045F6A /* PokemonRepositoryTests.swift */; };
		1E37DD342B8EFE3400045F6A /* pokemonList.json in Resources */ = {isa = PBXBuildFile; fileRef = 1E37DD332B8EFE3400045F6A /* pokemonList.json */; };
		1E37DD362B8F008700045F6A /* pokemonDetail.json in Resources */ = {isa = PBXBuildFile; fileRef = 1E37DD352B8F008700045F6A /* pokemonDetail.json */; };
		1E37DD392B8F021B00045F6A /* pokemonEvolutionChain.json in Resources */ = {isa = PBXBuildFile; fileRef = 1E37DD372B8F021B00045F6A /* pokemonEvolutionChain.json */; };
		1E37DD3A2B8F021B00045F6A /* pokemonPokedex.json in Resources */ = {isa = PBXBuildFile; fileRef = 1E37DD382B8F021B00045F6A /* pokemonPokedex.json */; };
		1E37DD3C2B8F043F00045F6A /* PokemonUseCaseTests.swift in Sources */ = {isa = PBXBuildFile; fileRef = 1E37DD3B2B8F043F00045F6A /* PokemonUseCaseTests.swift */; };
		1E37DD3E2B8F09B000045F6A /* PokemonListViewModelTests.swift in Sources */ = {isa = PBXBuildFile; fileRef = 1E37DD3D2B8F09B000045F6A /* PokemonListViewModelTests.swift */; };
		1E37DD402B8F0E8000045F6A /* PokemonDetailViewModelTests.swift in Sources */ = {isa = PBXBuildFile; fileRef = 1E37DD3F2B8F0E8000045F6A /* PokemonDetailViewModelTests.swift */; };
		1E37DD572B8F1A1400045F6A /* PokemonGuiderUITests.swift in Sources */ = {isa = PBXBuildFile; fileRef = 1E37DD562B8F1A1400045F6A /* PokemonGuiderUITests.swift */; };
		1E37DD592B8F1A1400045F6A /* PokemonGuiderUITestsLaunchTests.swift in Sources */ = {isa = PBXBuildFile; fileRef = 1E37DD582B8F1A1400045F6A /* PokemonGuiderUITestsLaunchTests.swift */; };
		1E6EAC102B899973004CC1D2 /* AppDelegate.swift in Sources */ = {isa = PBXBuildFile; fileRef = 1E6EAC0F2B899973004CC1D2 /* AppDelegate.swift */; };
		1E6EAC122B899973004CC1D2 /* SceneDelegate.swift in Sources */ = {isa = PBXBuildFile; fileRef = 1E6EAC112B899973004CC1D2 /* SceneDelegate.swift */; };
		1E6EAC1A2B899973004CC1D2 /* PokemonGuider.xcdatamodeld in Sources */ = {isa = PBXBuildFile; fileRef = 1E6EAC182B899973004CC1D2 /* PokemonGuider.xcdatamodeld */; };
		1E6EAC1C2B899975004CC1D2 /* Assets.xcassets in Resources */ = {isa = PBXBuildFile; fileRef = 1E6EAC1B2B899975004CC1D2 /* Assets.xcassets */; };
		1E6EAC1F2B899975004CC1D2 /* LaunchScreen.storyboard in Resources */ = {isa = PBXBuildFile; fileRef = 1E6EAC1D2B899975004CC1D2 /* LaunchScreen.storyboard */; };
		1E6EAC2A2B899975004CC1D2 /* CoordinatorTests.swift in Sources */ = {isa = PBXBuildFile; fileRef = 1E6EAC292B899975004CC1D2 /* CoordinatorTests.swift */; };
		1E6EAC442B8999D4004CC1D2 /* SnapKit in Frameworks */ = {isa = PBXBuildFile; productRef = 1E6EAC432B8999D4004CC1D2 /* SnapKit */; };
		1E6EAC472B899B92004CC1D2 /* Moya in Frameworks */ = {isa = PBXBuildFile; productRef = 1E6EAC462B899B92004CC1D2 /* Moya */; };
		1E6EAC4D2B89C2BB004CC1D2 /* MyProfileViewController.swift in Sources */ = {isa = PBXBuildFile; fileRef = 1E6EAC4C2B89C2BB004CC1D2 /* MyProfileViewController.swift */; };
		1E6EAC4F2B89C3BA004CC1D2 /* PokemonListViewController.swift in Sources */ = {isa = PBXBuildFile; fileRef = 1E6EAC4E2B89C3BA004CC1D2 /* PokemonListViewController.swift */; };
		1E6EAC522B89C3E1004CC1D2 /* HomeTabBarController.swift in Sources */ = {isa = PBXBuildFile; fileRef = 1E6EAC512B89C3E1004CC1D2 /* HomeTabBarController.swift */; };
		1E6EAC542B89C41D004CC1D2 /* AppCoordinator.swift in Sources */ = {isa = PBXBuildFile; fileRef = 1E6EAC532B89C41D004CC1D2 /* AppCoordinator.swift */; };
		1E6EAC572B89C454004CC1D2 /* Coordinator.swift in Sources */ = {isa = PBXBuildFile; fileRef = 1E6EAC562B89C454004CC1D2 /* Coordinator.swift */; };
		1E6EAC5B2B89C569004CC1D2 /* HomeCoordinator.swift in Sources */ = {isa = PBXBuildFile; fileRef = 1E6EAC5A2B89C569004CC1D2 /* HomeCoordinator.swift */; };
		1E6EAC5D2B89C5F4004CC1D2 /* PokemonCoordinator.swift in Sources */ = {isa = PBXBuildFile; fileRef = 1E6EAC5C2B89C5F4004CC1D2 /* PokemonCoordinator.swift */; };
		1E6EAC5F2B89C606004CC1D2 /* MyProfileCoordinator.swift in Sources */ = {isa = PBXBuildFile; fileRef = 1E6EAC5E2B89C606004CC1D2 /* MyProfileCoordinator.swift */; };
		1E6EAC652B89C726004CC1D2 /* Localizable.strings in Resources */ = {isa = PBXBuildFile; fileRef = 1E6EAC672B89C726004CC1D2 /* Localizable.strings */; };
		1E6EAC6C2B89E41B004CC1D2 /* PokemonListViewModel.swift in Sources */ = {isa = PBXBuildFile; fileRef = 1E6EAC6B2B89E41B004CC1D2 /* PokemonListViewModel.swift */; };
		1E6EAC712B89E55F004CC1D2 /* PokemonUseCase.swift in Sources */ = {isa = PBXBuildFile; fileRef = 1E6EAC702B89E55F004CC1D2 /* PokemonUseCase.swift */; };
		1E6EAC732B89E56F004CC1D2 /* PokemonRepository.swift in Sources */ = {isa = PBXBuildFile; fileRef = 1E6EAC722B89E56F004CC1D2 /* PokemonRepository.swift */; };
		1E6EAC762B89E5BA004CC1D2 /* PokemonAPITarget.swift in Sources */ = {isa = PBXBuildFile; fileRef = 1E6EAC752B89E5BA004CC1D2 /* PokemonAPITarget.swift */; };
		1E6EAC782B89E60E004CC1D2 /* APIServer.swift in Sources */ = {isa = PBXBuildFile; fileRef = 1E6EAC772B89E60E004CC1D2 /* APIServer.swift */; };
		1E6EAC7A2B89EED6004CC1D2 /* CombineMoya in Frameworks */ = {isa = PBXBuildFile; productRef = 1E6EAC792B89EED6004CC1D2 /* CombineMoya */; };
		1E6EAC7F2B89F250004CC1D2 /* PokemonListEntity.swift in Sources */ = {isa = PBXBuildFile; fileRef = 1E6EAC7E2B89F250004CC1D2 /* PokemonListEntity.swift */; };
		1E6EAC812B89F32C004CC1D2 /* PokemonListModel.swift in Sources */ = {isa = PBXBuildFile; fileRef = 1E6EAC802B89F32C004CC1D2 /* PokemonListModel.swift */; };
		1E6EAC842B89FA83004CC1D2 /* PokemonCollectionViewCell.swift in Sources */ = {isa = PBXBuildFile; fileRef = 1E6EAC832B89FA83004CC1D2 /* PokemonCollectionViewCell.swift */; };
		1E6EAC872B89FC63004CC1D2 /* PokemonCellViewObject.swift in Sources */ = {isa = PBXBuildFile; fileRef = 1E6EAC862B89FC63004CC1D2 /* PokemonCellViewObject.swift */; };
		1E6EAC8A2B89FCD4004CC1D2 /* Nuke in Frameworks */ = {isa = PBXBuildFile; productRef = 1E6EAC892B89FCD4004CC1D2 /* Nuke */; };
		1E6EAC8C2B89FCD4004CC1D2 /* NukeExtensions in Frameworks */ = {isa = PBXBuildFile; productRef = 1E6EAC8B2B89FCD4004CC1D2 /* NukeExtensions */; };
		1E6EAC8E2B8A1489004CC1D2 /* NSObject+Extension.swift in Sources */ = {isa = PBXBuildFile; fileRef = 1E6EAC8D2B8A1489004CC1D2 /* NSObject+Extension.swift */; };
		1E8B61482B8A29060095BA7B /* UIImageView+Extension.swift in Sources */ = {isa = PBXBuildFile; fileRef = 1E8B61472B8A29060095BA7B /* UIImageView+Extension.swift */; };
		68930FBF2B8D89980097A94C /* Saveable.swift in Sources */ = {isa = PBXBuildFile; fileRef = 68930FBE2B8D89980097A94C /* Saveable.swift */; };
		68930FC12B8D89B00097A94C /* SaveableVisitor.swift in Sources */ = {isa = PBXBuildFile; fileRef = 68930FC02B8D89B00097A94C /* SaveableVisitor.swift */; };
/* End PBXBuildFile section */

/* Begin PBXContainerItemProxy section */
		1E32F7CA2B8A344500EBA22C /* PBXContainerItemProxy */ = {
			isa = PBXContainerItemProxy;
			containerPortal = 1E6EAC042B899973004CC1D2 /* Project object */;
			proxyType = 1;
			remoteGlobalIDString = 1E6EAC0B2B899973004CC1D2;
			remoteInfo = PokemonGuider;
		};
		1E37DD5A2B8F1A1400045F6A /* PBXContainerItemProxy */ = {
			isa = PBXContainerItemProxy;
			containerPortal = 1E6EAC042B899973004CC1D2 /* Project object */;
			proxyType = 1;
			remoteGlobalIDString = 1E6EAC0B2B899973004CC1D2;
			remoteInfo = PokemonGuider;
		};
		1E6EAC262B899975004CC1D2 /* PBXContainerItemProxy */ = {
			isa = PBXContainerItemProxy;
			containerPortal = 1E6EAC042B899973004CC1D2 /* Project object */;
			proxyType = 1;
			remoteGlobalIDString = 1E6EAC0B2B899973004CC1D2;
			remoteInfo = PokemonGuider;
		};
/* End PBXContainerItemProxy section */

/* Begin PBXFileReference section */
		1E32F7C62B8A344500EBA22C /* PokemonGuiderSnapshotTests.xctest */ = {isa = PBXFileReference; explicitFileType = wrapper.cfbundle; includeInIndex = 0; path = PokemonGuiderSnapshotTests.xctest; sourceTree = BUILT_PRODUCTS_DIR; };
		1E32F7C82B8A344500EBA22C /* PokemonListSnapshotTests.swift */ = {isa = PBXFileReference; lastKnownFileType = sourcecode.swift; path = PokemonListSnapshotTests.swift; sourceTree = "<group>"; };
		1E32F7D82B8A4A1C00EBA22C /* PokemonDetailModel.swift */ = {isa = PBXFileReference; lastKnownFileType = sourcecode.swift; path = PokemonDetailModel.swift; sourceTree = "<group>"; };
		1E32F7DA2B8A4A2F00EBA22C /* PokemonDetailEntity.swift */ = {isa = PBXFileReference; lastKnownFileType = sourcecode.swift; path = PokemonDetailEntity.swift; sourceTree = "<group>"; };
		1E32F7DD2B8AFFC600EBA22C /* PokemonDetailViewController.swift */ = {isa = PBXFileReference; lastKnownFileType = sourcecode.swift; path = PokemonDetailViewController.swift; sourceTree = "<group>"; };
		1E32F7DF2B8AFFF200EBA22C /* PokemonDetailViewModel.swift */ = {isa = PBXFileReference; lastKnownFileType = sourcecode.swift; path = PokemonDetailViewModel.swift; sourceTree = "<group>"; };
		1E32F7E72B8B2CA500EBA22C /* PokemonPokedexEntity.swift */ = {isa = PBXFileReference; lastKnownFileType = sourcecode.swift; path = PokemonPokedexEntity.swift; sourceTree = "<group>"; };
		1E32F7E92B8B2E0D00EBA22C /* PokemonEvolutionChainEntity.swift */ = {isa = PBXFileReference; lastKnownFileType = sourcecode.swift; path = PokemonEvolutionChainEntity.swift; sourceTree = "<group>"; };
		1E32F7EB2B8B2F2900EBA22C /* PokemonPokedexModel.swift */ = {isa = PBXFileReference; lastKnownFileType = sourcecode.swift; path = PokemonPokedexModel.swift; sourceTree = "<group>"; };
		1E32F7ED2B8B2F3300EBA22C /* PokemonEvolutionChainModel.swift */ = {isa = PBXFileReference; lastKnownFileType = sourcecode.swift; path = PokemonEvolutionChainModel.swift; sourceTree = "<group>"; };
		1E32F7F22B8B4C6E00EBA22C /* CoreDataManager.swift */ = {isa = PBXFileReference; lastKnownFileType = sourcecode.swift; path = CoreDataManager.swift; sourceTree = "<group>"; };
		1E32F7FA2B8B555000EBA22C /* CoreDataRespository.swift */ = {isa = PBXFileReference; lastKnownFileType = sourcecode.swift; path = CoreDataRespository.swift; sourceTree = "<group>"; };
		1E32F7FC2B8B801B00EBA22C /* PokemonListHeaderView.swift */ = {isa = PBXFileReference; lastKnownFileType = sourcecode.swift; path = PokemonListHeaderView.swift; sourceTree = "<group>"; };
		1E37DD1F2B8E1CE100045F6A /* SaveToCoreDataVisitor.swift */ = {isa = PBXFileReference; lastKnownFileType = sourcecode.swift; path = SaveToCoreDataVisitor.swift; sourceTree = "<group>"; };
		1E37DD222B8E317F00045F6A /* PokemonListModelMapping.swift */ = {isa = PBXFileReference; lastKnownFileType = sourcecode.swift; path = PokemonListModelMapping.swift; sourceTree = "<group>"; };
		1E37DD242B8E328F00045F6A /* PokemonDetailModelMapping.swift */ = {isa = PBXFileReference; lastKnownFileType = sourcecode.swift; path = PokemonDetailModelMapping.swift; sourceTree = "<group>"; };
		1E37DD262B8E340400045F6A /* PokemonPokedexModelMapping.swift */ = {isa = PBXFileReference; lastKnownFileType = sourcecode.swift; path = PokemonPokedexModelMapping.swift; sourceTree = "<group>"; };
		1E37DD282B8E340D00045F6A /* PokemonEvolutionChainModelMapping.swift */ = {isa = PBXFileReference; lastKnownFileType = sourcecode.swift; path = PokemonEvolutionChainModelMapping.swift; sourceTree = "<group>"; };
		1E37DD2A2B8EDA5500045F6A /* PokemonDetailSnapshotTests.swift */ = {isa = PBXFileReference; lastKnownFileType = sourcecode.swift; path = PokemonDetailSnapshotTests.swift; sourceTree = "<group>"; };
		1E37DD2C2B8EDED700045F6A /* PokemonGuiderAllTests.xctestplan */ = {isa = PBXFileReference; lastKnownFileType = text; path = PokemonGuiderAllTests.xctestplan; sourceTree = "<group>"; };
		1E37DD2D2B8EEC3800045F6A /* CoreDataRespositoryTests.swift */ = {isa = PBXFileReference; lastKnownFileType = sourcecode.swift; path = CoreDataRespositoryTests.swift; sourceTree = "<group>"; };
		1E37DD2F2B8EFCDF00045F6A /* PokemonRepositoryTests.swift */ = {isa = PBXFileReference; lastKnownFileType = sourcecode.swift; path = PokemonRepositoryTests.swift; sourceTree = "<group>"; };
		1E37DD332B8EFE3400045F6A /* pokemonList.json */ = {isa = PBXFileReference; fileEncoding = 4; lastKnownFileType = text.json; path = pokemonList.json; sourceTree = "<group>"; };
		1E37DD352B8F008700045F6A /* pokemonDetail.json */ = {isa = PBXFileReference; fileEncoding = 4; lastKnownFileType = text.json; path = pokemonDetail.json; sourceTree = "<group>"; };
		1E37DD372B8F021B00045F6A /* pokemonEvolutionChain.json */ = {isa = PBXFileReference; fileEncoding = 4; lastKnownFileType = text.json; path = pokemonEvolutionChain.json; sourceTree = "<group>"; };
		1E37DD382B8F021B00045F6A /* pokemonPokedex.json */ = {isa = PBXFileReference; fileEncoding = 4; lastKnownFileType = text.json; path = pokemonPokedex.json; sourceTree = "<group>"; };
		1E37DD3B2B8F043F00045F6A /* PokemonUseCaseTests.swift */ = {isa = PBXFileReference; lastKnownFileType = sourcecode.swift; path = PokemonUseCaseTests.swift; sourceTree = "<group>"; };
		1E37DD3D2B8F09B000045F6A /* PokemonListViewModelTests.swift */ = {isa = PBXFileReference; lastKnownFileType = sourcecode.swift; path = PokemonListViewModelTests.swift; sourceTree = "<group>"; };
		1E37DD3F2B8F0E8000045F6A /* PokemonDetailViewModelTests.swift */ = {isa = PBXFileReference; lastKnownFileType = sourcecode.swift; path = PokemonDetailViewModelTests.swift; sourceTree = "<group>"; };
		1E37DD542B8F1A1400045F6A /* PokemonGuiderUITests.xctest */ = {isa = PBXFileReference; explicitFileType = wrapper.cfbundle; includeInIndex = 0; path = PokemonGuiderUITests.xctest; sourceTree = BUILT_PRODUCTS_DIR; };
		1E37DD562B8F1A1400045F6A /* PokemonGuiderUITests.swift */ = {isa = PBXFileReference; lastKnownFileType = sourcecode.swift; path = PokemonGuiderUITests.swift; sourceTree = "<group>"; };
		1E37DD582B8F1A1400045F6A /* PokemonGuiderUITestsLaunchTests.swift */ = {isa = PBXFileReference; lastKnownFileType = sourcecode.swift; path = PokemonGuiderUITestsLaunchTests.swift; sourceTree = "<group>"; };
		1E6EAC0C2B899973004CC1D2 /* PokemonGuider.app */ = {isa = PBXFileReference; explicitFileType = wrapper.application; includeInIndex = 0; path = PokemonGuider.app; sourceTree = BUILT_PRODUCTS_DIR; };
		1E6EAC0F2B899973004CC1D2 /* AppDelegate.swift */ = {isa = PBXFileReference; lastKnownFileType = sourcecode.swift; path = AppDelegate.swift; sourceTree = "<group>"; };
		1E6EAC112B899973004CC1D2 /* SceneDelegate.swift */ = {isa = PBXFileReference; lastKnownFileType = sourcecode.swift; path = SceneDelegate.swift; sourceTree = "<group>"; };
		1E6EAC192B899973004CC1D2 /* PokemonGuider.xcdatamodel */ = {isa = PBXFileReference; lastKnownFileType = wrapper.xcdatamodel; path = PokemonGuider.xcdatamodel; sourceTree = "<group>"; };
		1E6EAC1B2B899975004CC1D2 /* Assets.xcassets */ = {isa = PBXFileReference; lastKnownFileType = folder.assetcatalog; path = Assets.xcassets; sourceTree = "<group>"; };
		1E6EAC1E2B899975004CC1D2 /* Base */ = {isa = PBXFileReference; lastKnownFileType = file.storyboard; name = Base; path = Base.lproj/LaunchScreen.storyboard; sourceTree = "<group>"; };
		1E6EAC202B899975004CC1D2 /* Info.plist */ = {isa = PBXFileReference; lastKnownFileType = text.plist.xml; path = Info.plist; sourceTree = "<group>"; };
		1E6EAC252B899975004CC1D2 /* PokemonGuiderTests.xctest */ = {isa = PBXFileReference; explicitFileType = wrapper.cfbundle; includeInIndex = 0; path = PokemonGuiderTests.xctest; sourceTree = BUILT_PRODUCTS_DIR; };
		1E6EAC292B899975004CC1D2 /* CoordinatorTests.swift */ = {isa = PBXFileReference; lastKnownFileType = sourcecode.swift; path = CoordinatorTests.swift; sourceTree = "<group>"; };
		1E6EAC4C2B89C2BB004CC1D2 /* MyProfileViewController.swift */ = {isa = PBXFileReference; lastKnownFileType = sourcecode.swift; path = MyProfileViewController.swift; sourceTree = "<group>"; };
		1E6EAC4E2B89C3BA004CC1D2 /* PokemonListViewController.swift */ = {isa = PBXFileReference; lastKnownFileType = sourcecode.swift; path = PokemonListViewController.swift; sourceTree = "<group>"; };
		1E6EAC512B89C3E1004CC1D2 /* HomeTabBarController.swift */ = {isa = PBXFileReference; lastKnownFileType = sourcecode.swift; path = HomeTabBarController.swift; sourceTree = "<group>"; };
		1E6EAC532B89C41D004CC1D2 /* AppCoordinator.swift */ = {isa = PBXFileReference; lastKnownFileType = sourcecode.swift; path = AppCoordinator.swift; sourceTree = "<group>"; };
		1E6EAC562B89C454004CC1D2 /* Coordinator.swift */ = {isa = PBXFileReference; lastKnownFileType = sourcecode.swift; path = Coordinator.swift; sourceTree = "<group>"; };
		1E6EAC5A2B89C569004CC1D2 /* HomeCoordinator.swift */ = {isa = PBXFileReference; lastKnownFileType = sourcecode.swift; path = HomeCoordinator.swift; sourceTree = "<group>"; };
		1E6EAC5C2B89C5F4004CC1D2 /* PokemonCoordinator.swift */ = {isa = PBXFileReference; lastKnownFileType = sourcecode.swift; path = PokemonCoordinator.swift; sourceTree = "<group>"; };
		1E6EAC5E2B89C606004CC1D2 /* MyProfileCoordinator.swift */ = {isa = PBXFileReference; lastKnownFileType = sourcecode.swift; path = MyProfileCoordinator.swift; sourceTree = "<group>"; };
		1E6EAC662B89C726004CC1D2 /* en */ = {isa = PBXFileReference; lastKnownFileType = text.plist.strings; name = en; path = en.lproj/Localizable.strings; sourceTree = "<group>"; };
		1E6EAC682B89C73C004CC1D2 /* zh-Hant */ = {isa = PBXFileReference; lastKnownFileType = text.plist.strings; name = "zh-Hant"; path = "zh-Hant.lproj/LaunchScreen.strings"; sourceTree = "<group>"; };
		1E6EAC692B89C73C004CC1D2 /* zh-Hant */ = {isa = PBXFileReference; lastKnownFileType = text.plist.strings; name = "zh-Hant"; path = "zh-Hant.lproj/Localizable.strings"; sourceTree = "<group>"; };
		1E6EAC6B2B89E41B004CC1D2 /* PokemonListViewModel.swift */ = {isa = PBXFileReference; lastKnownFileType = sourcecode.swift; path = PokemonListViewModel.swift; sourceTree = "<group>"; };
		1E6EAC702B89E55F004CC1D2 /* PokemonUseCase.swift */ = {isa = PBXFileReference; lastKnownFileType = sourcecode.swift; path = PokemonUseCase.swift; sourceTree = "<group>"; };
		1E6EAC722B89E56F004CC1D2 /* PokemonRepository.swift */ = {isa = PBXFileReference; lastKnownFileType = sourcecode.swift; path = PokemonRepository.swift; sourceTree = "<group>"; };
		1E6EAC752B89E5BA004CC1D2 /* PokemonAPITarget.swift */ = {isa = PBXFileReference; lastKnownFileType = sourcecode.swift; path = PokemonAPITarget.swift; sourceTree = "<group>"; };
		1E6EAC772B89E60E004CC1D2 /* APIServer.swift */ = {isa = PBXFileReference; lastKnownFileType = sourcecode.swift; path = APIServer.swift; sourceTree = "<group>"; };
		1E6EAC7E2B89F250004CC1D2 /* PokemonListEntity.swift */ = {isa = PBXFileReference; lastKnownFileType = sourcecode.swift; path = PokemonListEntity.swift; sourceTree = "<group>"; };
		1E6EAC802B89F32C004CC1D2 /* PokemonListModel.swift */ = {isa = PBXFileReference; lastKnownFileType = sourcecode.swift; path = PokemonListModel.swift; sourceTree = "<group>"; };
		1E6EAC832B89FA83004CC1D2 /* PokemonCollectionViewCell.swift */ = {isa = PBXFileReference; lastKnownFileType = sourcecode.swift; path = PokemonCollectionViewCell.swift; sourceTree = "<group>"; };
		1E6EAC862B89FC63004CC1D2 /* PokemonCellViewObject.swift */ = {isa = PBXFileReference; lastKnownFileType = sourcecode.swift; path = PokemonCellViewObject.swift; sourceTree = "<group>"; };
		1E6EAC8D2B8A1489004CC1D2 /* NSObject+Extension.swift */ = {isa = PBXFileReference; lastKnownFileType = sourcecode.swift; path = "NSObject+Extension.swift"; sourceTree = "<group>"; };
		1E8B61472B8A29060095BA7B /* UIImageView+Extension.swift */ = {isa = PBXFileReference; lastKnownFileType = sourcecode.swift; path = "UIImageView+Extension.swift"; sourceTree = "<group>"; };
		68930FBE2B8D89980097A94C /* Saveable.swift */ = {isa = PBXFileReference; lastKnownFileType = sourcecode.swift; path = Saveable.swift; sourceTree = "<group>"; };
		68930FC02B8D89B00097A94C /* SaveableVisitor.swift */ = {isa = PBXFileReference; lastKnownFileType = sourcecode.swift; path = SaveableVisitor.swift; sourceTree = "<group>"; };
/* End PBXFileReference section */

/* Begin PBXFrameworksBuildPhase section */
		1E32F7C32B8A344500EBA22C /* Frameworks */ = {
			isa = PBXFrameworksBuildPhase;
			buildActionMask = 2147483647;
			files = (
				1E32F7D02B8A347500EBA22C /* SnapshotTesting in Frameworks */,
			);
			runOnlyForDeploymentPostprocessing = 0;
		};
		1E37DD512B8F1A1400045F6A /* Frameworks */ = {
			isa = PBXFrameworksBuildPhase;
			buildActionMask = 2147483647;
			files = (
			);
			runOnlyForDeploymentPostprocessing = 0;
		};
		1E6EAC092B899973004CC1D2 /* Frameworks */ = {
			isa = PBXFrameworksBuildPhase;
			buildActionMask = 2147483647;
			files = (
				1E6EAC472B899B92004CC1D2 /* Moya in Frameworks */,
				1E6EAC442B8999D4004CC1D2 /* SnapKit in Frameworks */,
				1E6EAC7A2B89EED6004CC1D2 /* CombineMoya in Frameworks */,
				1E6EAC8A2B89FCD4004CC1D2 /* Nuke in Frameworks */,
				1E6EAC8C2B89FCD4004CC1D2 /* NukeExtensions in Frameworks */,
			);
			runOnlyForDeploymentPostprocessing = 0;
		};
		1E6EAC222B899975004CC1D2 /* Frameworks */ = {
			isa = PBXFrameworksBuildPhase;
			buildActionMask = 2147483647;
			files = (
			);
			runOnlyForDeploymentPostprocessing = 0;
		};
/* End PBXFrameworksBuildPhase section */

/* Begin PBXGroup section */
		1E32F7C72B8A344500EBA22C /* PokemonGuiderSnapshotTests */ = {
			isa = PBXGroup;
			children = (
				1E32F7C82B8A344500EBA22C /* PokemonListSnapshotTests.swift */,
				1E37DD2A2B8EDA5500045F6A /* PokemonDetailSnapshotTests.swift */,
			);
			path = PokemonGuiderSnapshotTests;
			sourceTree = "<group>";
		};
		1E32F7DC2B8AFFB400EBA22C /* PokemonDetail */ = {
			isa = PBXGroup;
			children = (
				1E32F7DD2B8AFFC600EBA22C /* PokemonDetailViewController.swift */,
				1E32F7DF2B8AFFF200EBA22C /* PokemonDetailViewModel.swift */,
			);
			path = PokemonDetail;
			sourceTree = "<group>";
		};
		1E32F7F12B8B4C5E00EBA22C /* CoreData */ = {
			isa = PBXGroup;
			children = (
				1E32F7F22B8B4C6E00EBA22C /* CoreDataManager.swift */,
				1E37DD1F2B8E1CE100045F6A /* SaveToCoreDataVisitor.swift */,
			);
			path = CoreData;
			sourceTree = "<group>";
		};
		1E37DD212B8E315900045F6A /* Mapping */ = {
			isa = PBXGroup;
			children = (
				1E37DD222B8E317F00045F6A /* PokemonListModelMapping.swift */,
				1E37DD242B8E328F00045F6A /* PokemonDetailModelMapping.swift */,
				1E37DD262B8E340400045F6A /* PokemonPokedexModelMapping.swift */,
				1E37DD282B8E340D00045F6A /* PokemonEvolutionChainModelMapping.swift */,
			);
			path = Mapping;
			sourceTree = "<group>";
		};
		1E37DD312B8EFDF600045F6A /* RepositoryTests */ = {
			isa = PBXGroup;
			children = (
				1E37DD322B8EFE0100045F6A /* Stub */,
				1E37DD2D2B8EEC3800045F6A /* CoreDataRespositoryTests.swift */,
				1E37DD2F2B8EFCDF00045F6A /* PokemonRepositoryTests.swift */,
			);
			path = RepositoryTests;
			sourceTree = "<group>";
		};
		1E37DD322B8EFE0100045F6A /* Stub */ = {
			isa = PBXGroup;
			children = (
				1E37DD372B8F021B00045F6A /* pokemonEvolutionChain.json */,
				1E37DD382B8F021B00045F6A /* pokemonPokedex.json */,
				1E37DD332B8EFE3400045F6A /* pokemonList.json */,
				1E37DD352B8F008700045F6A /* pokemonDetail.json */,
			);
			path = Stub;
			sourceTree = "<group>";
		};
		1E37DD552B8F1A1400045F6A /* PokemonGuiderUITests */ = {
			isa = PBXGroup;
			children = (
				1E37DD562B8F1A1400045F6A /* PokemonGuiderUITests.swift */,
				1E37DD582B8F1A1400045F6A /* PokemonGuiderUITestsLaunchTests.swift */,
			);
			path = PokemonGuiderUITests;
			sourceTree = "<group>";
		};
		1E6EAC032B899973004CC1D2 = {
			isa = PBXGroup;
			children = (
				1E37DD2C2B8EDED700045F6A /* PokemonGuiderAllTests.xctestplan */,
				1E6EAC0E2B899973004CC1D2 /* PokemonGuider */,
				1E6EAC282B899975004CC1D2 /* PokemonGuiderTests */,
				1E32F7C72B8A344500EBA22C /* PokemonGuiderSnapshotTests */,
				1E37DD552B8F1A1400045F6A /* PokemonGuiderUITests */,
				1E6EAC0D2B899973004CC1D2 /* Products */,
				1E8B614C2B8A2D440095BA7B /* Frameworks */,
			);
			sourceTree = "<group>";
		};
		1E6EAC0D2B899973004CC1D2 /* Products */ = {
			isa = PBXGroup;
			children = (
				1E6EAC0C2B899973004CC1D2 /* PokemonGuider.app */,
				1E6EAC252B899975004CC1D2 /* PokemonGuiderTests.xctest */,
				1E32F7C62B8A344500EBA22C /* PokemonGuiderSnapshotTests.xctest */,
				1E37DD542B8F1A1400045F6A /* PokemonGuiderUITests.xctest */,
			);
			name = Products;
			sourceTree = "<group>";
		};
		1E6EAC0E2B899973004CC1D2 /* PokemonGuider */ = {
			isa = PBXGroup;
			children = (
				1E6EAC0F2B899973004CC1D2 /* AppDelegate.swift */,
				1E6EAC532B89C41D004CC1D2 /* AppCoordinator.swift */,
				1E6EAC112B899973004CC1D2 /* SceneDelegate.swift */,
				1E6EAC552B89C446004CC1D2 /* Infra */,
				1E6EAC482B899BFF004CC1D2 /* Sources */,
				1E6EAC492B899C06004CC1D2 /* Supporting Files */,
			);
			path = PokemonGuider;
			sourceTree = "<group>";
		};
		1E6EAC282B899975004CC1D2 /* PokemonGuiderTests */ = {
			isa = PBXGroup;
			children = (
				1E6EAC292B899975004CC1D2 /* CoordinatorTests.swift */,
				1E37DD3B2B8F043F00045F6A /* PokemonUseCaseTests.swift */,
				1E37DD3D2B8F09B000045F6A /* PokemonListViewModelTests.swift */,
				1E37DD3F2B8F0E8000045F6A /* PokemonDetailViewModelTests.swift */,
				1E37DD312B8EFDF600045F6A /* RepositoryTests */,
			);
			path = PokemonGuiderTests;
			sourceTree = "<group>";
		};
		1E6EAC482B899BFF004CC1D2 /* Sources */ = {
			isa = PBXGroup;
			children = (
				1E6EAC502B89C3D6004CC1D2 /* Home */,
				1E6EAC4A2B899F8A004CC1D2 /* Pokemon */,
				1E6EAC4B2B899F90004CC1D2 /* MyProfile */,
			);
			path = Sources;
			sourceTree = "<group>";
		};
		1E6EAC492B899C06004CC1D2 /* Supporting Files */ = {
			isa = PBXGroup;
			children = (
				1E6EAC1B2B899975004CC1D2 /* Assets.xcassets */,
				1E6EAC1D2B899975004CC1D2 /* LaunchScreen.storyboard */,
				1E6EAC202B899975004CC1D2 /* Info.plist */,
				1E6EAC182B899973004CC1D2 /* PokemonGuider.xcdatamodeld */,
				1E6EAC672B89C726004CC1D2 /* Localizable.strings */,
			);
			path = "Supporting Files";
			sourceTree = "<group>";
		};
		1E6EAC4A2B899F8A004CC1D2 /* Pokemon */ = {
			isa = PBXGroup;
			children = (
				1E6EAC5C2B89C5F4004CC1D2 /* PokemonCoordinator.swift */,
				1E6EAC742B89E587004CC1D2 /* Network */,
				1E6EAC6F2B89E529004CC1D2 /* Model */,
				1E6EAC6E2B89E519004CC1D2 /* Repository */,
				1E6EAC6D2B89E516004CC1D2 /* UseCase */,
				1E6EAC622B89C618004CC1D2 /* View */,
			);
			path = Pokemon;
			sourceTree = "<group>";
		};
		1E6EAC4B2B899F90004CC1D2 /* MyProfile */ = {
			isa = PBXGroup;
			children = (
				1E6EAC5E2B89C606004CC1D2 /* MyProfileCoordinator.swift */,
				1E6EAC612B89C612004CC1D2 /* View */,
			);
			path = MyProfile;
			sourceTree = "<group>";
		};
		1E6EAC502B89C3D6004CC1D2 /* Home */ = {
			isa = PBXGroup;
			children = (
				1E6EAC5A2B89C569004CC1D2 /* HomeCoordinator.swift */,
				1E6EAC602B89C609004CC1D2 /* View */,
			);
			path = Home;
			sourceTree = "<group>";
		};
		1E6EAC552B89C446004CC1D2 /* Infra */ = {
			isa = PBXGroup;
			children = (
				1E32F7F12B8B4C5E00EBA22C /* CoreData */,
				68930FBD2B8D898B0097A94C /* Saveable */,
				1E6EAC562B89C454004CC1D2 /* Coordinator.swift */,
				1E6EAC772B89E60E004CC1D2 /* APIServer.swift */,
				1E6EAC8D2B8A1489004CC1D2 /* NSObject+Extension.swift */,
				1E8B61472B8A29060095BA7B /* UIImageView+Extension.swift */,
			);
			path = Infra;
			sourceTree = "<group>";
		};
		1E6EAC602B89C609004CC1D2 /* View */ = {
			isa = PBXGroup;
			children = (
				1E6EAC512B89C3E1004CC1D2 /* HomeTabBarController.swift */,
			);
			path = View;
			sourceTree = "<group>";
		};
		1E6EAC612B89C612004CC1D2 /* View */ = {
			isa = PBXGroup;
			children = (
				1E6EAC4C2B89C2BB004CC1D2 /* MyProfileViewController.swift */,
			);
			path = View;
			sourceTree = "<group>";
		};
		1E6EAC622B89C618004CC1D2 /* View */ = {
			isa = PBXGroup;
			children = (
				1E32F7DC2B8AFFB400EBA22C /* PokemonDetail */,
				1E6EAC822B89F9E1004CC1D2 /* PokemonList */,
			);
			path = View;
			sourceTree = "<group>";
		};
		1E6EAC6D2B89E516004CC1D2 /* UseCase */ = {
			isa = PBXGroup;
			children = (
				1E6EAC702B89E55F004CC1D2 /* PokemonUseCase.swift */,
			);
			path = UseCase;
			sourceTree = "<group>";
		};
		1E6EAC6E2B89E519004CC1D2 /* Repository */ = {
			isa = PBXGroup;
			children = (
				1E6EAC722B89E56F004CC1D2 /* PokemonRepository.swift */,
				1E32F7FA2B8B555000EBA22C /* CoreDataRespository.swift */,
			);
			path = Repository;
			sourceTree = "<group>";
		};
		1E6EAC6F2B89E529004CC1D2 /* Model */ = {
			isa = PBXGroup;
			children = (
				1E37DD212B8E315900045F6A /* Mapping */,
				1E6EAC7D2B89F237004CC1D2 /* Entity */,
				1E6EAC802B89F32C004CC1D2 /* PokemonListModel.swift */,
				1E32F7D82B8A4A1C00EBA22C /* PokemonDetailModel.swift */,
				1E32F7EB2B8B2F2900EBA22C /* PokemonPokedexModel.swift */,
				1E32F7ED2B8B2F3300EBA22C /* PokemonEvolutionChainModel.swift */,
			);
			path = Model;
			sourceTree = "<group>";
		};
		1E6EAC742B89E587004CC1D2 /* Network */ = {
			isa = PBXGroup;
			children = (
				1E6EAC752B89E5BA004CC1D2 /* PokemonAPITarget.swift */,
			);
			path = Network;
			sourceTree = "<group>";
		};
		1E6EAC7D2B89F237004CC1D2 /* Entity */ = {
			isa = PBXGroup;
			children = (
				1E6EAC7E2B89F250004CC1D2 /* PokemonListEntity.swift */,
				1E32F7DA2B8A4A2F00EBA22C /* PokemonDetailEntity.swift */,
				1E32F7E72B8B2CA500EBA22C /* PokemonPokedexEntity.swift */,
				1E32F7E92B8B2E0D00EBA22C /* PokemonEvolutionChainEntity.swift */,
			);
			path = Entity;
			sourceTree = "<group>";
		};
		1E6EAC822B89F9E1004CC1D2 /* PokemonList */ = {
			isa = PBXGroup;
			children = (
				1E6EAC4E2B89C3BA004CC1D2 /* PokemonListViewController.swift */,
				1E6EAC6B2B89E41B004CC1D2 /* PokemonListViewModel.swift */,
				1E6EAC852B89FA9D004CC1D2 /* PokemonViewCell */,
			);
			path = PokemonList;
			sourceTree = "<group>";
		};
		1E6EAC852B89FA9D004CC1D2 /* PokemonViewCell */ = {
			isa = PBXGroup;
			children = (
				1E32F7FC2B8B801B00EBA22C /* PokemonListHeaderView.swift */,
				1E6EAC832B89FA83004CC1D2 /* PokemonCollectionViewCell.swift */,
				1E6EAC862B89FC63004CC1D2 /* PokemonCellViewObject.swift */,
			);
			path = PokemonViewCell;
			sourceTree = "<group>";
		};
		1E8B614C2B8A2D440095BA7B /* Frameworks */ = {
			isa = PBXGroup;
			children = (
			);
			name = Frameworks;
			sourceTree = "<group>";
		};
		68930FBD2B8D898B0097A94C /* Saveable */ = {
			isa = PBXGroup;
			children = (
				68930FBE2B8D89980097A94C /* Saveable.swift */,
				68930FC02B8D89B00097A94C /* SaveableVisitor.swift */,
			);
			path = Saveable;
			sourceTree = "<group>";
		};
/* End PBXGroup section */

/* Begin PBXNativeTarget section */
		1E32F7C52B8A344500EBA22C /* PokemonGuiderSnapshotTests */ = {
			isa = PBXNativeTarget;
			buildConfigurationList = 1E32F7CC2B8A344500EBA22C /* Build configuration list for PBXNativeTarget "PokemonGuiderSnapshotTests" */;
			buildPhases = (
				1E32F7C22B8A344500EBA22C /* Sources */,
				1E32F7C32B8A344500EBA22C /* Frameworks */,
				1E32F7C42B8A344500EBA22C /* Resources */,
			);
			buildRules = (
			);
			dependencies = (
				1E32F7CB2B8A344500EBA22C /* PBXTargetDependency */,
			);
			name = PokemonGuiderSnapshotTests;
			packageProductDependencies = (
				1E32F7CF2B8A347500EBA22C /* SnapshotTesting */,
			);
			productName = PokemonGuiderSnapshotTests;
			productReference = 1E32F7C62B8A344500EBA22C /* PokemonGuiderSnapshotTests.xctest */;
			productType = "com.apple.product-type.bundle.unit-test";
		};
		1E37DD532B8F1A1400045F6A /* PokemonGuiderUITests */ = {
			isa = PBXNativeTarget;
			buildConfigurationList = 1E37DD5C2B8F1A1400045F6A /* Build configuration list for PBXNativeTarget "PokemonGuiderUITests" */;
			buildPhases = (
				1E37DD502B8F1A1400045F6A /* Sources */,
				1E37DD512B8F1A1400045F6A /* Frameworks */,
				1E37DD522B8F1A1400045F6A /* Resources */,
			);
			buildRules = (
			);
			dependencies = (
				1E37DD5B2B8F1A1400045F6A /* PBXTargetDependency */,
			);
			name = PokemonGuiderUITests;
			productName = PokemonGuiderUITests;
			productReference = 1E37DD542B8F1A1400045F6A /* PokemonGuiderUITests.xctest */;
			productType = "com.apple.product-type.bundle.ui-testing";
		};
		1E6EAC0B2B899973004CC1D2 /* PokemonGuider */ = {
			isa = PBXNativeTarget;
			buildConfigurationList = 1E6EAC392B899975004CC1D2 /* Build configuration list for PBXNativeTarget "PokemonGuider" */;
			buildPhases = (
				1E6EAC082B899973004CC1D2 /* Sources */,
				1E6EAC092B899973004CC1D2 /* Frameworks */,
				1E6EAC0A2B899973004CC1D2 /* Resources */,
			);
			buildRules = (
			);
			dependencies = (
			);
			name = PokemonGuider;
			packageProductDependencies = (
				1E6EAC432B8999D4004CC1D2 /* SnapKit */,
				1E6EAC462B899B92004CC1D2 /* Moya */,
				1E6EAC792B89EED6004CC1D2 /* CombineMoya */,
				1E6EAC892B89FCD4004CC1D2 /* Nuke */,
				1E6EAC8B2B89FCD4004CC1D2 /* NukeExtensions */,
			);
			productName = PokemonGuider;
			productReference = 1E6EAC0C2B899973004CC1D2 /* PokemonGuider.app */;
			productType = "com.apple.product-type.application";
		};
		1E6EAC242B899975004CC1D2 /* PokemonGuiderTests */ = {
			isa = PBXNativeTarget;
			buildConfigurationList = 1E6EAC3C2B899975004CC1D2 /* Build configuration list for PBXNativeTarget "PokemonGuiderTests" */;
			buildPhases = (
				1E6EAC212B899975004CC1D2 /* Sources */,
				1E6EAC222B899975004CC1D2 /* Frameworks */,
				1E6EAC232B899975004CC1D2 /* Resources */,
			);
			buildRules = (
			);
			dependencies = (
				1E6EAC272B899975004CC1D2 /* PBXTargetDependency */,
			);
			name = PokemonGuiderTests;
			productName = PokemonGuiderTests;
			productReference = 1E6EAC252B899975004CC1D2 /* PokemonGuiderTests.xctest */;
			productType = "com.apple.product-type.bundle.unit-test";
		};
/* End PBXNativeTarget section */

/* Begin PBXProject section */
		1E6EAC042B899973004CC1D2 /* Project object */ = {
			isa = PBXProject;
			attributes = {
				BuildIndependentTargetsInParallel = 1;
				LastSwiftUpdateCheck = 1520;
				LastUpgradeCheck = 1520;
				TargetAttributes = {
					1E32F7C52B8A344500EBA22C = {
						CreatedOnToolsVersion = 15.2;
						TestTargetID = 1E6EAC0B2B899973004CC1D2;
					};
					1E37DD532B8F1A1400045F6A = {
						CreatedOnToolsVersion = 15.2;
						TestTargetID = 1E6EAC0B2B899973004CC1D2;
					};
					1E6EAC0B2B899973004CC1D2 = {
						CreatedOnToolsVersion = 15.2;
					};
					1E6EAC242B899975004CC1D2 = {
						CreatedOnToolsVersion = 15.2;
						TestTargetID = 1E6EAC0B2B899973004CC1D2;
					};
				};
			};
			buildConfigurationList = 1E6EAC072B899973004CC1D2 /* Build configuration list for PBXProject "PokemonGuider" */;
			compatibilityVersion = "Xcode 14.0";
			developmentRegion = en;
			hasScannedForEncodings = 0;
			knownRegions = (
				en,
				Base,
				"zh-Hant",
			);
			mainGroup = 1E6EAC032B899973004CC1D2;
			packageReferences = (
				1E6EAC422B8999D4004CC1D2 /* XCRemoteSwiftPackageReference "SnapKit" */,
				1E6EAC452B899B92004CC1D2 /* XCRemoteSwiftPackageReference "Moya" */,
				1E6EAC882B89FCD3004CC1D2 /* XCRemoteSwiftPackageReference "Nuke" */,
				1E8B61492B8A2C710095BA7B /* XCRemoteSwiftPackageReference "swift-snapshot-testing" */,
			);
			productRefGroup = 1E6EAC0D2B899973004CC1D2 /* Products */;
			projectDirPath = "";
			projectRoot = "";
			targets = (
				1E6EAC0B2B899973004CC1D2 /* PokemonGuider */,
				1E6EAC242B899975004CC1D2 /* PokemonGuiderTests */,
				1E32F7C52B8A344500EBA22C /* PokemonGuiderSnapshotTests */,
				1E37DD532B8F1A1400045F6A /* PokemonGuiderUITests */,
			);
		};
/* End PBXProject section */

/* Begin PBXResourcesBuildPhase section */
		1E32F7C42B8A344500EBA22C /* Resources */ = {
			isa = PBXResourcesBuildPhase;
			buildActionMask = 2147483647;
			files = (
			);
			runOnlyForDeploymentPostprocessing = 0;
		};
		1E37DD522B8F1A1400045F6A /* Resources */ = {
			isa = PBXResourcesBuildPhase;
			buildActionMask = 2147483647;
			files = (
			);
			runOnlyForDeploymentPostprocessing = 0;
		};
		1E6EAC0A2B899973004CC1D2 /* Resources */ = {
			isa = PBXResourcesBuildPhase;
			buildActionMask = 2147483647;
			files = (
				1E6EAC1F2B899975004CC1D2 /* LaunchScreen.storyboard in Resources */,
				1E6EAC652B89C726004CC1D2 /* Localizable.strings in Resources */,
				1E6EAC1C2B899975004CC1D2 /* Assets.xcassets in Resources */,
			);
			runOnlyForDeploymentPostprocessing = 0;
		};
		1E6EAC232B899975004CC1D2 /* Resources */ = {
			isa = PBXResourcesBuildPhase;
			buildActionMask = 2147483647;
			files = (
				1E37DD3A2B8F021B00045F6A /* pokemonPokedex.json in Resources */,
				1E37DD362B8F008700045F6A /* pokemonDetail.json in Resources */,
				1E37DD392B8F021B00045F6A /* pokemonEvolutionChain.json in Resources */,
				1E37DD342B8EFE3400045F6A /* pokemonList.json in Resources */,
			);
			runOnlyForDeploymentPostprocessing = 0;
		};
/* End PBXResourcesBuildPhase section */

/* Begin PBXSourcesBuildPhase section */
		1E32F7C22B8A344500EBA22C /* Sources */ = {
			isa = PBXSourcesBuildPhase;
			buildActionMask = 2147483647;
			files = (
				1E37DD2B2B8EDA5500045F6A /* PokemonDetailSnapshotTests.swift in Sources */,
				1E32F7C92B8A344500EBA22C /* PokemonListSnapshotTests.swift in Sources */,
			);
			runOnlyForDeploymentPostprocessing = 0;
		};
		1E37DD502B8F1A1400045F6A /* Sources */ = {
			isa = PBXSourcesBuildPhase;
			buildActionMask = 2147483647;
			files = (
				1E37DD592B8F1A1400045F6A /* PokemonGuiderUITestsLaunchTests.swift in Sources */,
				1E37DD572B8F1A1400045F6A /* PokemonGuiderUITests.swift in Sources */,
			);
			runOnlyForDeploymentPostprocessing = 0;
		};
		1E6EAC082B899973004CC1D2 /* Sources */ = {
			isa = PBXSourcesBuildPhase;
			buildActionMask = 2147483647;
			files = (
				1E6EAC572B89C454004CC1D2 /* Coordinator.swift in Sources */,
				1E6EAC762B89E5BA004CC1D2 /* PokemonAPITarget.swift in Sources */,
				1E6EAC8E2B8A1489004CC1D2 /* NSObject+Extension.swift in Sources */,
				1E32F7EA2B8B2E0D00EBA22C /* PokemonEvolutionChainEntity.swift in Sources */,
				1E6EAC812B89F32C004CC1D2 /* PokemonListModel.swift in Sources */,
				1E32F7DB2B8A4A2F00EBA22C /* PokemonDetailEntity.swift in Sources */,
				1E6EAC102B899973004CC1D2 /* AppDelegate.swift in Sources */,
				1E6EAC872B89FC63004CC1D2 /* PokemonCellViewObject.swift in Sources */,
				1E32F7DE2B8AFFC600EBA22C /* PokemonDetailViewController.swift in Sources */,
				1E37DD252B8E328F00045F6A /* PokemonDetailModelMapping.swift in Sources */,
				1E6EAC122B899973004CC1D2 /* SceneDelegate.swift in Sources */,
				1E37DD202B8E1CE100045F6A /* SaveToCoreDataVisitor.swift in Sources */,
				1E6EAC782B89E60E004CC1D2 /* APIServer.swift in Sources */,
				1E32F7E02B8AFFF200EBA22C /* PokemonDetailViewModel.swift in Sources */,
				1E37DD292B8E340D00045F6A /* PokemonEvolutionChainModelMapping.swift in Sources */,
				1E6EAC4D2B89C2BB004CC1D2 /* MyProfileViewController.swift in Sources */,
				1E32F7EC2B8B2F2900EBA22C /* PokemonPokedexModel.swift in Sources */,
				1E6EAC4F2B89C3BA004CC1D2 /* PokemonListViewController.swift in Sources */,
				1E6EAC6C2B89E41B004CC1D2 /* PokemonListViewModel.swift in Sources */,
				1E6EAC842B89FA83004CC1D2 /* PokemonCollectionViewCell.swift in Sources */,
				1E6EAC712B89E55F004CC1D2 /* PokemonUseCase.swift in Sources */,
				1E6EAC7F2B89F250004CC1D2 /* PokemonListEntity.swift in Sources */,
				1E6EAC1A2B899973004CC1D2 /* PokemonGuider.xcdatamodeld in Sources */,
				68930FBF2B8D89980097A94C /* Saveable.swift in Sources */,
				1E32F7F32B8B4C6E00EBA22C /* CoreDataManager.swift in Sources */,
				1E6EAC5B2B89C569004CC1D2 /* HomeCoordinator.swift in Sources */,
				1E37DD272B8E340400045F6A /* PokemonPokedexModelMapping.swift in Sources */,
				1E32F7FB2B8B555000EBA22C /* CoreDataRespository.swift in Sources */,
				1E6EAC5F2B89C606004CC1D2 /* MyProfileCoordinator.swift in Sources */,
				1E8B61482B8A29060095BA7B /* UIImageView+Extension.swift in Sources */,
				1E37DD232B8E317F00045F6A /* PokemonListModelMapping.swift in Sources */,
				68930FC12B8D89B00097A94C /* SaveableVisitor.swift in Sources */,
				1E32F7E82B8B2CA500EBA22C /* PokemonPokedexEntity.swift in Sources */,
				1E32F7FD2B8B801B00EBA22C /* PokemonListHeaderView.swift in Sources */,
				1E32F7EE2B8B2F3300EBA22C /* PokemonEvolutionChainModel.swift in Sources */,
				1E6EAC732B89E56F004CC1D2 /* PokemonRepository.swift in Sources */,
				1E6EAC522B89C3E1004CC1D2 /* HomeTabBarController.swift in Sources */,
				1E6EAC542B89C41D004CC1D2 /* AppCoordinator.swift in Sources */,
				1E6EAC5D2B89C5F4004CC1D2 /* PokemonCoordinator.swift in Sources */,
				1E32F7D92B8A4A1C00EBA22C /* PokemonDetailModel.swift in Sources */,
			);
			runOnlyForDeploymentPostprocessing = 0;
		};
		1E6EAC212B899975004CC1D2 /* Sources */ = {
			isa = PBXSourcesBuildPhase;
			buildActionMask = 2147483647;
			files = (
				1E37DD2E2B8EEC3800045F6A /* CoreDataRespositoryTests.swift in Sources */,
				1E37DD402B8F0E8000045F6A /* PokemonDetailViewModelTests.swift in Sources */,
				1E37DD3C2B8F043F00045F6A /* PokemonUseCaseTests.swift in Sources */,
				1E37DD302B8EFCDF00045F6A /* PokemonRepositoryTests.swift in Sources */,
				1E37DD3E2B8F09B000045F6A /* PokemonListViewModelTests.swift in Sources */,
				1E6EAC2A2B899975004CC1D2 /* CoordinatorTests.swift in Sources */,
			);
			runOnlyForDeploymentPostprocessing = 0;
		};
/* End PBXSourcesBuildPhase section */

/* Begin PBXTargetDependency section */
		1E32F7CB2B8A344500EBA22C /* PBXTargetDependency */ = {
			isa = PBXTargetDependency;
			target = 1E6EAC0B2B899973004CC1D2 /* PokemonGuider */;
			targetProxy = 1E32F7CA2B8A344500EBA22C /* PBXContainerItemProxy */;
		};
		1E37DD5B2B8F1A1400045F6A /* PBXTargetDependency */ = {
			isa = PBXTargetDependency;
			target = 1E6EAC0B2B899973004CC1D2 /* PokemonGuider */;
			targetProxy = 1E37DD5A2B8F1A1400045F6A /* PBXContainerItemProxy */;
		};
		1E6EAC272B899975004CC1D2 /* PBXTargetDependency */ = {
			isa = PBXTargetDependency;
			target = 1E6EAC0B2B899973004CC1D2 /* PokemonGuider */;
			targetProxy = 1E6EAC262B899975004CC1D2 /* PBXContainerItemProxy */;
		};
/* End PBXTargetDependency section */

/* Begin PBXVariantGroup section */
		1E6EAC1D2B899975004CC1D2 /* LaunchScreen.storyboard */ = {
			isa = PBXVariantGroup;
			children = (
				1E6EAC1E2B899975004CC1D2 /* Base */,
				1E6EAC682B89C73C004CC1D2 /* zh-Hant */,
			);
			name = LaunchScreen.storyboard;
			sourceTree = "<group>";
		};
		1E6EAC672B89C726004CC1D2 /* Localizable.strings */ = {
			isa = PBXVariantGroup;
			children = (
				1E6EAC662B89C726004CC1D2 /* en */,
				1E6EAC692B89C73C004CC1D2 /* zh-Hant */,
			);
			name = Localizable.strings;
			sourceTree = "<group>";
		};
/* End PBXVariantGroup section */

/* Begin XCBuildConfiguration section */
		1E32F7CD2B8A344500EBA22C /* Debug */ = {
			isa = XCBuildConfiguration;
			buildSettings = {
				BUNDLE_LOADER = "$(TEST_HOST)";
				CODE_SIGN_STYLE = Automatic;
				CURRENT_PROJECT_VERSION = 1;
				DEVELOPMENT_TEAM = 4U9BQ9X87W;
				GENERATE_INFOPLIST_FILE = YES;
				MARKETING_VERSION = 1.0;
				PRODUCT_BUNDLE_IDENTIFIER = li.zhgchg.PokemonGuiderSnapshotTests;
				PRODUCT_NAME = "$(TARGET_NAME)";
				SWIFT_EMIT_LOC_STRINGS = NO;
				SWIFT_VERSION = 5.0;
				TARGETED_DEVICE_FAMILY = "1,2";
				TEST_HOST = "$(BUILT_PRODUCTS_DIR)/PokemonGuider.app/$(BUNDLE_EXECUTABLE_FOLDER_PATH)/PokemonGuider";
			};
			name = Debug;
		};
		1E32F7CE2B8A344500EBA22C /* Release */ = {
			isa = XCBuildConfiguration;
			buildSettings = {
				BUNDLE_LOADER = "$(TEST_HOST)";
				CODE_SIGN_STYLE = Automatic;
				CURRENT_PROJECT_VERSION = 1;
				DEVELOPMENT_TEAM = 4U9BQ9X87W;
				GENERATE_INFOPLIST_FILE = YES;
				MARKETING_VERSION = 1.0;
				PRODUCT_BUNDLE_IDENTIFIER = li.zhgchg.PokemonGuiderSnapshotTests;
				PRODUCT_NAME = "$(TARGET_NAME)";
				SWIFT_EMIT_LOC_STRINGS = NO;
				SWIFT_VERSION = 5.0;
				TARGETED_DEVICE_FAMILY = "1,2";
				TEST_HOST = "$(BUILT_PRODUCTS_DIR)/PokemonGuider.app/$(BUNDLE_EXECUTABLE_FOLDER_PATH)/PokemonGuider";
			};
			name = Release;
		};
		1E37DD5D2B8F1A1400045F6A /* Debug */ = {
			isa = XCBuildConfiguration;
			buildSettings = {
				CODE_SIGN_STYLE = Automatic;
				CURRENT_PROJECT_VERSION = 1;
				DEVELOPMENT_TEAM = 4U9BQ9X87W;
				GENERATE_INFOPLIST_FILE = YES;
				MARKETING_VERSION = 1.0;
				PRODUCT_BUNDLE_IDENTIFIER = li.zhgchg.PokemonGuiderUITests;
				PRODUCT_NAME = "$(TARGET_NAME)";
				SWIFT_EMIT_LOC_STRINGS = NO;
				SWIFT_VERSION = 5.0;
				TARGETED_DEVICE_FAMILY = "1,2";
				TEST_TARGET_NAME = PokemonGuider;
			};
			name = Debug;
		};
		1E37DD5E2B8F1A1400045F6A /* Release */ = {
			isa = XCBuildConfiguration;
			buildSettings = {
				CODE_SIGN_STYLE = Automatic;
				CURRENT_PROJECT_VERSION = 1;
				DEVELOPMENT_TEAM = 4U9BQ9X87W;
				GENERATE_INFOPLIST_FILE = YES;
				MARKETING_VERSION = 1.0;
				PRODUCT_BUNDLE_IDENTIFIER = li.zhgchg.PokemonGuiderUITests;
				PRODUCT_NAME = "$(TARGET_NAME)";
				SWIFT_EMIT_LOC_STRINGS = NO;
				SWIFT_VERSION = 5.0;
				TARGETED_DEVICE_FAMILY = "1,2";
				TEST_TARGET_NAME = PokemonGuider;
			};
			name = Release;
		};
		1E6EAC372B899975004CC1D2 /* Debug */ = {
			isa = XCBuildConfiguration;
			buildSettings = {
				ALWAYS_SEARCH_USER_PATHS = NO;
				ASSETCATALOG_COMPILER_GENERATE_SWIFT_ASSET_SYMBOL_EXTENSIONS = YES;
				CLANG_ANALYZER_LOCALIZABILITY_NONLOCALIZED = YES;
				CLANG_ANALYZER_NONNULL = YES;
				CLANG_ANALYZER_NUMBER_OBJECT_CONVERSION = YES_AGGRESSIVE;
				CLANG_CXX_LANGUAGE_STANDARD = "gnu++20";
				CLANG_ENABLE_MODULES = YES;
				CLANG_ENABLE_OBJC_ARC = YES;
				CLANG_ENABLE_OBJC_WEAK = YES;
				CLANG_WARN_BLOCK_CAPTURE_AUTORELEASING = YES;
				CLANG_WARN_BOOL_CONVERSION = YES;
				CLANG_WARN_COMMA = YES;
				CLANG_WARN_CONSTANT_CONVERSION = YES;
				CLANG_WARN_DEPRECATED_OBJC_IMPLEMENTATIONS = YES;
				CLANG_WARN_DIRECT_OBJC_ISA_USAGE = YES_ERROR;
				CLANG_WARN_DOCUMENTATION_COMMENTS = YES;
				CLANG_WARN_EMPTY_BODY = YES;
				CLANG_WARN_ENUM_CONVERSION = YES;
				CLANG_WARN_INFINITE_RECURSION = YES;
				CLANG_WARN_INT_CONVERSION = YES;
				CLANG_WARN_NON_LITERAL_NULL_CONVERSION = YES;
				CLANG_WARN_OBJC_IMPLICIT_RETAIN_SELF = YES;
				CLANG_WARN_OBJC_LITERAL_CONVERSION = YES;
				CLANG_WARN_OBJC_ROOT_CLASS = YES_ERROR;
				CLANG_WARN_QUOTED_INCLUDE_IN_FRAMEWORK_HEADER = YES;
				CLANG_WARN_RANGE_LOOP_ANALYSIS = YES;
				CLANG_WARN_STRICT_PROTOTYPES = YES;
				CLANG_WARN_SUSPICIOUS_MOVE = YES;
				CLANG_WARN_UNGUARDED_AVAILABILITY = YES_AGGRESSIVE;
				CLANG_WARN_UNREACHABLE_CODE = YES;
				CLANG_WARN__DUPLICATE_METHOD_MATCH = YES;
				COPY_PHASE_STRIP = NO;
				DEBUG_INFORMATION_FORMAT = dwarf;
				ENABLE_STRICT_OBJC_MSGSEND = YES;
				ENABLE_TESTABILITY = YES;
				ENABLE_USER_SCRIPT_SANDBOXING = YES;
				GCC_C_LANGUAGE_STANDARD = gnu17;
				GCC_DYNAMIC_NO_PIC = NO;
				GCC_NO_COMMON_BLOCKS = YES;
				GCC_OPTIMIZATION_LEVEL = 0;
				GCC_PREPROCESSOR_DEFINITIONS = (
					"DEBUG=1",
					"$(inherited)",
				);
				GCC_WARN_64_TO_32_BIT_CONVERSION = YES;
				GCC_WARN_ABOUT_RETURN_TYPE = YES_ERROR;
				GCC_WARN_UNDECLARED_SELECTOR = YES;
				GCC_WARN_UNINITIALIZED_AUTOS = YES_AGGRESSIVE;
				GCC_WARN_UNUSED_FUNCTION = YES;
				GCC_WARN_UNUSED_VARIABLE = YES;
				INFOPLIST_FILE = "";
				IPHONEOS_DEPLOYMENT_TARGET = 17.2;
				LOCALIZATION_PREFERS_STRING_CATALOGS = YES;
				MTL_ENABLE_DEBUG_INFO = INCLUDE_SOURCE;
				MTL_FAST_MATH = YES;
				ONLY_ACTIVE_ARCH = YES;
				SDKROOT = iphoneos;
				SWIFT_ACTIVE_COMPILATION_CONDITIONS = "DEBUG $(inherited)";
				SWIFT_OPTIMIZATION_LEVEL = "-Onone";
			};
			name = Debug;
		};
		1E6EAC382B899975004CC1D2 /* Release */ = {
			isa = XCBuildConfiguration;
			buildSettings = {
				ALWAYS_SEARCH_USER_PATHS = NO;
				ASSETCATALOG_COMPILER_GENERATE_SWIFT_ASSET_SYMBOL_EXTENSIONS = YES;
				CLANG_ANALYZER_LOCALIZABILITY_NONLOCALIZED = YES;
				CLANG_ANALYZER_NONNULL = YES;
				CLANG_ANALYZER_NUMBER_OBJECT_CONVERSION = YES_AGGRESSIVE;
				CLANG_CXX_LANGUAGE_STANDARD = "gnu++20";
				CLANG_ENABLE_MODULES = YES;
				CLANG_ENABLE_OBJC_ARC = YES;
				CLANG_ENABLE_OBJC_WEAK = YES;
				CLANG_WARN_BLOCK_CAPTURE_AUTORELEASING = YES;
				CLANG_WARN_BOOL_CONVERSION = YES;
				CLANG_WARN_COMMA = YES;
				CLANG_WARN_CONSTANT_CONVERSION = YES;
				CLANG_WARN_DEPRECATED_OBJC_IMPLEMENTATIONS = YES;
				CLANG_WARN_DIRECT_OBJC_ISA_USAGE = YES_ERROR;
				CLANG_WARN_DOCUMENTATION_COMMENTS = YES;
				CLANG_WARN_EMPTY_BODY = YES;
				CLANG_WARN_ENUM_CONVERSION = YES;
				CLANG_WARN_INFINITE_RECURSION = YES;
				CLANG_WARN_INT_CONVERSION = YES;
				CLANG_WARN_NON_LITERAL_NULL_CONVERSION = YES;
				CLANG_WARN_OBJC_IMPLICIT_RETAIN_SELF = YES;
				CLANG_WARN_OBJC_LITERAL_CONVERSION = YES;
				CLANG_WARN_OBJC_ROOT_CLASS = YES_ERROR;
				CLANG_WARN_QUOTED_INCLUDE_IN_FRAMEWORK_HEADER = YES;
				CLANG_WARN_RANGE_LOOP_ANALYSIS = YES;
				CLANG_WARN_STRICT_PROTOTYPES = YES;
				CLANG_WARN_SUSPICIOUS_MOVE = YES;
				CLANG_WARN_UNGUARDED_AVAILABILITY = YES_AGGRESSIVE;
				CLANG_WARN_UNREACHABLE_CODE = YES;
				CLANG_WARN__DUPLICATE_METHOD_MATCH = YES;
				COPY_PHASE_STRIP = NO;
				DEBUG_INFORMATION_FORMAT = "dwarf-with-dsym";
				ENABLE_NS_ASSERTIONS = NO;
				ENABLE_STRICT_OBJC_MSGSEND = YES;
				ENABLE_USER_SCRIPT_SANDBOXING = YES;
				GCC_C_LANGUAGE_STANDARD = gnu17;
				GCC_NO_COMMON_BLOCKS = YES;
				GCC_WARN_64_TO_32_BIT_CONVERSION = YES;
				GCC_WARN_ABOUT_RETURN_TYPE = YES_ERROR;
				GCC_WARN_UNDECLARED_SELECTOR = YES;
				GCC_WARN_UNINITIALIZED_AUTOS = YES_AGGRESSIVE;
				GCC_WARN_UNUSED_FUNCTION = YES;
				GCC_WARN_UNUSED_VARIABLE = YES;
				INFOPLIST_FILE = "";
				IPHONEOS_DEPLOYMENT_TARGET = 17.2;
				LOCALIZATION_PREFERS_STRING_CATALOGS = YES;
				MTL_ENABLE_DEBUG_INFO = NO;
				MTL_FAST_MATH = YES;
				SDKROOT = iphoneos;
				SWIFT_COMPILATION_MODE = wholemodule;
				VALIDATE_PRODUCT = YES;
			};
			name = Release;
		};
		1E6EAC3A2B899975004CC1D2 /* Debug */ = {
			isa = XCBuildConfiguration;
			buildSettings = {
				ASSETCATALOG_COMPILER_APPICON_NAME = AppIcon;
				ASSETCATALOG_COMPILER_GLOBAL_ACCENT_COLOR_NAME = AccentColor;
				CODE_SIGN_IDENTITY = "Apple Development";
				CODE_SIGN_STYLE = Automatic;
				CURRENT_PROJECT_VERSION = 1;
				DEVELOPMENT_TEAM = UGFKKJS5G7;
				GENERATE_INFOPLIST_FILE = YES;
				INFOPLIST_FILE = "PokemonGuider/Supporting Files/info.plist";
				INFOPLIST_KEY_CFBundleDisplayName = "Pokemon Guider";
				INFOPLIST_KEY_UIApplicationSupportsIndirectInputEvents = YES;
				INFOPLIST_KEY_UILaunchStoryboardName = LaunchScreen;
				INFOPLIST_KEY_UISupportedInterfaceOrientations = "UIInterfaceOrientationPortrait UIInterfaceOrientationPortraitUpsideDown";
				LD_RUNPATH_SEARCH_PATHS = (
					"$(inherited)",
					"@executable_path/Frameworks",
				);
				MARKETING_VERSION = 1.0;
				PRODUCT_BUNDLE_IDENTIFIER = li.zhgchg.PokemonGuider;
				PRODUCT_NAME = "$(TARGET_NAME)";
				PROVISIONING_PROFILE_SPECIFIER = "";
				SWIFT_EMIT_LOC_STRINGS = YES;
				SWIFT_VERSION = 5.0;
				TARGETED_DEVICE_FAMILY = "1,2";
			};
			name = Debug;
		};
		1E6EAC3B2B899975004CC1D2 /* Release */ = {
			isa = XCBuildConfiguration;
			buildSettings = {
				ASSETCATALOG_COMPILER_APPICON_NAME = AppIcon;
				ASSETCATALOG_COMPILER_GLOBAL_ACCENT_COLOR_NAME = AccentColor;
				CODE_SIGN_IDENTITY = "Apple Development";
				CODE_SIGN_STYLE = Automatic;
				CURRENT_PROJECT_VERSION = 1;
				DEVELOPMENT_TEAM = UGFKKJS5G7;
				GENERATE_INFOPLIST_FILE = YES;
				INFOPLIST_FILE = "PokemonGuider/Supporting Files/info.plist";
				INFOPLIST_KEY_CFBundleDisplayName = "Pokemon Guider";
				INFOPLIST_KEY_UIApplicationSupportsIndirectInputEvents = YES;
				INFOPLIST_KEY_UILaunchStoryboardName = LaunchScreen;
				INFOPLIST_KEY_UISupportedInterfaceOrientations = "UIInterfaceOrientationPortrait UIInterfaceOrientationPortraitUpsideDown";
				LD_RUNPATH_SEARCH_PATHS = (
					"$(inherited)",
					"@executable_path/Frameworks",
				);
				MARKETING_VERSION = 1.0;
				PRODUCT_BUNDLE_IDENTIFIER = li.zhgchg.PokemonGuider;
				PRODUCT_NAME = "$(TARGET_NAME)";
				PROVISIONING_PROFILE_SPECIFIER = "";
				SWIFT_EMIT_LOC_STRINGS = YES;
				SWIFT_VERSION = 5.0;
				TARGETED_DEVICE_FAMILY = "1,2";
			};
			name = Release;
		};
		1E6EAC3D2B899975004CC1D2 /* Debug */ = {
			isa = XCBuildConfiguration;
			buildSettings = {
				ALWAYS_EMBED_SWIFT_STANDARD_LIBRARIES = YES;
				BUNDLE_LOADER = "$(TEST_HOST)";
				CODE_SIGN_STYLE = Automatic;
				CURRENT_PROJECT_VERSION = 1;
				DEVELOPMENT_TEAM = 4U9BQ9X87W;
				GENERATE_INFOPLIST_FILE = YES;
				IPHONEOS_DEPLOYMENT_TARGET = 17.2;
				MARKETING_VERSION = 1.0;
				PRODUCT_BUNDLE_IDENTIFIER = li.zhgchg.PokemonGuiderTests;
				PRODUCT_NAME = "$(TARGET_NAME)";
				SWIFT_EMIT_LOC_STRINGS = NO;
				SWIFT_VERSION = 5.0;
				TARGETED_DEVICE_FAMILY = "1,2";
				TEST_HOST = "$(BUILT_PRODUCTS_DIR)/PokemonGuider.app/$(BUNDLE_EXECUTABLE_FOLDER_PATH)/PokemonGuider";
			};
			name = Debug;
		};
		1E6EAC3E2B899975004CC1D2 /* Release */ = {
			isa = XCBuildConfiguration;
			buildSettings = {
				ALWAYS_EMBED_SWIFT_STANDARD_LIBRARIES = YES;
				BUNDLE_LOADER = "$(TEST_HOST)";
				CODE_SIGN_STYLE = Automatic;
				CURRENT_PROJECT_VERSION = 1;
				DEVELOPMENT_TEAM = 4U9BQ9X87W;
				GENERATE_INFOPLIST_FILE = YES;
				IPHONEOS_DEPLOYMENT_TARGET = 17.2;
				MARKETING_VERSION = 1.0;
				PRODUCT_BUNDLE_IDENTIFIER = li.zhgchg.PokemonGuiderTests;
				PRODUCT_NAME = "$(TARGET_NAME)";
				SWIFT_EMIT_LOC_STRINGS = NO;
				SWIFT_VERSION = 5.0;
				TARGETED_DEVICE_FAMILY = "1,2";
				TEST_HOST = "$(BUILT_PRODUCTS_DIR)/PokemonGuider.app/$(BUNDLE_EXECUTABLE_FOLDER_PATH)/PokemonGuider";
			};
			name = Release;
		};
/* End XCBuildConfiguration section */

/* Begin XCConfigurationList section */
		1E32F7CC2B8A344500EBA22C /* Build configuration list for PBXNativeTarget "PokemonGuiderSnapshotTests" */ = {
			isa = XCConfigurationList;
			buildConfigurations = (
				1E32F7CD2B8A344500EBA22C /* Debug */,
				1E32F7CE2B8A344500EBA22C /* Release */,
			);
			defaultConfigurationIsVisible = 0;
			defaultConfigurationName = Release;
		};
		1E37DD5C2B8F1A1400045F6A /* Build configuration list for PBXNativeTarget "PokemonGuiderUITests" */ = {
			isa = XCConfigurationList;
			buildConfigurations = (
				1E37DD5D2B8F1A1400045F6A /* Debug */,
				1E37DD5E2B8F1A1400045F6A /* Release */,
			);
			defaultConfigurationIsVisible = 0;
			defaultConfigurationName = Release;
		};
		1E6EAC072B899973004CC1D2 /* Build configuration list for PBXProject "PokemonGuider" */ = {
			isa = XCConfigurationList;
			buildConfigurations = (
				1E6EAC372B899975004CC1D2 /* Debug */,
				1E6EAC382B899975004CC1D2 /* Release */,
			);
			defaultConfigurationIsVisible = 0;
			defaultConfigurationName = Release;
		};
		1E6EAC392B899975004CC1D2 /* Build configuration list for PBXNativeTarget "PokemonGuider" */ = {
			isa = XCConfigurationList;
			buildConfigurations = (
				1E6EAC3A2B899975004CC1D2 /* Debug */,
				1E6EAC3B2B899975004CC1D2 /* Release */,
			);
			defaultConfigurationIsVisible = 0;
			defaultConfigurationName = Release;
		};
		1E6EAC3C2B899975004CC1D2 /* Build configuration list for PBXNativeTarget "PokemonGuiderTests" */ = {
			isa = XCConfigurationList;
			buildConfigurations = (
				1E6EAC3D2B899975004CC1D2 /* Debug */,
				1E6EAC3E2B899975004CC1D2 /* Release */,
			);
			defaultConfigurationIsVisible = 0;
			defaultConfigurationName = Release;
		};
/* End XCConfigurationList section */

/* Begin XCRemoteSwiftPackageReference section */
		1E6EAC422B8999D4004CC1D2 /* XCRemoteSwiftPackageReference "SnapKit" */ = {
			isa = XCRemoteSwiftPackageReference;
			repositoryURL = "https://github.com/SnapKit/SnapKit.git";
			requirement = {
				kind = upToNextMinorVersion;
				minimumVersion = 5.0.1;
			};
		};
		1E6EAC452B899B92004CC1D2 /* XCRemoteSwiftPackageReference "Moya" */ = {
			isa = XCRemoteSwiftPackageReference;
			repositoryURL = "https://github.com/Moya/Moya.git";
			requirement = {
				kind = upToNextMajorVersion;
				minimumVersion = 15.0.3;
			};
		};
		1E6EAC882B89FCD3004CC1D2 /* XCRemoteSwiftPackageReference "Nuke" */ = {
			isa = XCRemoteSwiftPackageReference;
			repositoryURL = "https://github.com/kean/Nuke.git";
			requirement = {
				kind = upToNextMajorVersion;
				minimumVersion = 12.4.0;
			};
		};
		1E8B61492B8A2C710095BA7B /* XCRemoteSwiftPackageReference "swift-snapshot-testing" */ = {
			isa = XCRemoteSwiftPackageReference;
			repositoryURL = "https://github.com/pointfreeco/swift-snapshot-testing.git";
			requirement = {
				kind = upToNextMajorVersion;
				minimumVersion = 1.15.3;
			};
		};
/* End XCRemoteSwiftPackageReference section */

/* Begin XCSwiftPackageProductDependency section */
		1E32F7CF2B8A347500EBA22C /* SnapshotTesting */ = {
			isa = XCSwiftPackageProductDependency;
			package = 1E8B61492B8A2C710095BA7B /* XCRemoteSwiftPackageReference "swift-snapshot-testing" */;
			productName = SnapshotTesting;
		};
		1E6EAC432B8999D4004CC1D2 /* SnapKit */ = {
			isa = XCSwiftPackageProductDependency;
			package = 1E6EAC422B8999D4004CC1D2 /* XCRemoteSwiftPackageReference "SnapKit" */;
			productName = SnapKit;
		};
		1E6EAC462B899B92004CC1D2 /* Moya */ = {
			isa = XCSwiftPackageProductDependency;
			package = 1E6EAC452B899B92004CC1D2 /* XCRemoteSwiftPackageReference "Moya" */;
			productName = Moya;
		};
		1E6EAC792B89EED6004CC1D2 /* CombineMoya */ = {
			isa = XCSwiftPackageProductDependency;
			package = 1E6EAC452B899B92004CC1D2 /* XCRemoteSwiftPackageReference "Moya" */;
			productName = CombineMoya;
		};
		1E6EAC892B89FCD4004CC1D2 /* Nuke */ = {
			isa = XCSwiftPackageProductDependency;
			package = 1E6EAC882B89FCD3004CC1D2 /* XCRemoteSwiftPackageReference "Nuke" */;
			productName = Nuke;
		};
		1E6EAC8B2B89FCD4004CC1D2 /* NukeExtensions */ = {
			isa = XCSwiftPackageProductDependency;
			package = 1E6EAC882B89FCD3004CC1D2 /* XCRemoteSwiftPackageReference "Nuke" */;
			productName = NukeExtensions;
		};
/* End XCSwiftPackageProductDependency section */

/* Begin XCVersionGroup section */
		1E6EAC182B899973004CC1D2 /* PokemonGuider.xcdatamodeld */ = {
			isa = XCVersionGroup;
			children = (
				1E6EAC192B899973004CC1D2 /* PokemonGuider.xcdatamodel */,
			);
			currentVersion = 1E6EAC192B899973004CC1D2 /* PokemonGuider.xcdatamodel */;
			path = PokemonGuider.xcdatamodeld;
			sourceTree = "<group>";
			versionGroupType = wrapper.xcdatamodel;
		};
/* End XCVersionGroup section */
	};
	rootObject = 1E6EAC042B899973004CC1D2 /* Project object */;
}
