// !$*UTF8*$!
{
	archiveVersion = 1;
	classes = {
	};
	objectVersion = 56;
	objects = {

/* Begin PBXBuildFile section */
		1E6EAC102B899973004CC1D2 /* AppDelegate.swift in Sources */ = {isa = PBXBuildFile; fileRef = 1E6EAC0F2B899973004CC1D2 /* AppDelegate.swift */; };
		1E6EAC122B899973004CC1D2 /* SceneDelegate.swift in Sources */ = {isa = PBXBuildFile; fileRef = 1E6EAC112B899973004CC1D2 /* SceneDelegate.swift */; };
		1E6EAC142B899973004CC1D2 /* ViewController.swift in Sources */ = {isa = PBXBuildFile; fileRef = 1E6EAC132B899973004CC1D2 /* ViewController.swift */; };
		1E6EAC172B899973004CC1D2 /* Main.storyboard in Resources */ = {isa = PBXBuildFile; fileRef = 1E6EAC152B899973004CC1D2 /* Main.storyboard */; };
		1E6EAC1A2B899973004CC1D2 /* PokemonGuider.xcdatamodeld in Sources */ = {isa = PBXBuildFile; fileRef = 1E6EAC182B899973004CC1D2 /* PokemonGuider.xcdatamodeld */; };
		1E6EAC1C2B899975004CC1D2 /* Assets.xcassets in Resources */ = {isa = PBXBuildFile; fileRef = 1E6EAC1B2B899975004CC1D2 /* Assets.xcassets */; };
		1E6EAC1F2B899975004CC1D2 /* LaunchScreen.storyboard in Resources */ = {isa = PBXBuildFile; fileRef = 1E6EAC1D2B899975004CC1D2 /* LaunchScreen.storyboard */; };
		1E6EAC2A2B899975004CC1D2 /* PokemonGuiderTests.swift in Sources */ = {isa = PBXBuildFile; fileRef = 1E6EAC292B899975004CC1D2 /* PokemonGuiderTests.swift */; };
		1E6EAC342B899975004CC1D2 /* PokemonGuiderUITests.swift in Sources */ = {isa = PBXBuildFile; fileRef = 1E6EAC332B899975004CC1D2 /* PokemonGuiderUITests.swift */; };
		1E6EAC362B899975004CC1D2 /* PokemonGuiderUITestsLaunchTests.swift in Sources */ = {isa = PBXBuildFile; fileRef = 1E6EAC352B899975004CC1D2 /* PokemonGuiderUITestsLaunchTests.swift */; };
/* End PBXBuildFile section */

/* Begin PBXContainerItemProxy section */
		1E6EAC262B899975004CC1D2 /* PBXContainerItemProxy */ = {
			isa = PBXContainerItemProxy;
			containerPortal = 1E6EAC042B899973004CC1D2 /* Project object */;
			proxyType = 1;
			remoteGlobalIDString = 1E6EAC0B2B899973004CC1D2;
			remoteInfo = PokemonGuider;
		};
		1E6EAC302B899975004CC1D2 /* PBXContainerItemProxy */ = {
			isa = PBXContainerItemProxy;
			containerPortal = 1E6EAC042B899973004CC1D2 /* Project object */;
			proxyType = 1;
			remoteGlobalIDString = 1E6EAC0B2B899973004CC1D2;
			remoteInfo = PokemonGuider;
		};
/* End PBXContainerItemProxy section */

/* Begin PBXFileReference section */
		1E6EAC0C2B899973004CC1D2 /* PokemonGuider.app */ = {isa = PBXFileReference; explicitFileType = wrapper.application; includeInIndex = 0; path = PokemonGuider.app; sourceTree = BUILT_PRODUCTS_DIR; };
		1E6EAC0F2B899973004CC1D2 /* AppDelegate.swift */ = {isa = PBXFileReference; lastKnownFileType = sourcecode.swift; path = AppDelegate.swift; sourceTree = "<group>"; };
		1E6EAC112B899973004CC1D2 /* SceneDelegate.swift */ = {isa = PBXFileReference; lastKnownFileType = sourcecode.swift; path = SceneDelegate.swift; sourceTree = "<group>"; };
		1E6EAC132B899973004CC1D2 /* ViewController.swift */ = {isa = PBXFileReference; lastKnownFileType = sourcecode.swift; path = ViewController.swift; sourceTree = "<group>"; };
		1E6EAC162B899973004CC1D2 /* Base */ = {isa = PBXFileReference; lastKnownFileType = file.storyboard; name = Base; path = Base.lproj/Main.storyboard; sourceTree = "<group>"; };
		1E6EAC192B899973004CC1D2 /* PokemonGuider.xcdatamodel */ = {isa = PBXFileReference; lastKnownFileType = wrapper.xcdatamodel; path = PokemonGuider.xcdatamodel; sourceTree = "<group>"; };
		1E6EAC1B2B899975004CC1D2 /* Assets.xcassets */ = {isa = PBXFileReference; lastKnownFileType = folder.assetcatalog; path = Assets.xcassets; sourceTree = "<group>"; };
		1E6EAC1E2B899975004CC1D2 /* Base */ = {isa = PBXFileReference; lastKnownFileType = file.storyboard; name = Base; path = Base.lproj/LaunchScreen.storyboard; sourceTree = "<group>"; };
		1E6EAC202B899975004CC1D2 /* Info.plist */ = {isa = PBXFileReference; lastKnownFileType = text.plist.xml; path = Info.plist; sourceTree = "<group>"; };
		1E6EAC252B899975004CC1D2 /* PokemonGuiderTests.xctest */ = {isa = PBXFileReference; explicitFileType = wrapper.cfbundle; includeInIndex = 0; path = PokemonGuiderTests.xctest; sourceTree = BUILT_PRODUCTS_DIR; };
		1E6EAC292B899975004CC1D2 /* PokemonGuiderTests.swift */ = {isa = PBXFileReference; lastKnownFileType = sourcecode.swift; path = PokemonGuiderTests.swift; sourceTree = "<group>"; };
		1E6EAC2F2B899975004CC1D2 /* PokemonGuiderUITests.xctest */ = {isa = PBXFileReference; explicitFileType = wrapper.cfbundle; includeInIndex = 0; path = PokemonGuiderUITests.xctest; sourceTree = BUILT_PRODUCTS_DIR; };
		1E6EAC332B899975004CC1D2 /* PokemonGuiderUITests.swift */ = {isa = PBXFileReference; lastKnownFileType = sourcecode.swift; path = PokemonGuiderUITests.swift; sourceTree = "<group>"; };
		1E6EAC352B899975004CC1D2 /* PokemonGuiderUITestsLaunchTests.swift */ = {isa = PBXFileReference; lastKnownFileType = sourcecode.swift; path = PokemonGuiderUITestsLaunchTests.swift; sourceTree = "<group>"; };
/* End PBXFileReference section */

/* Begin PBXFrameworksBuildPhase section */
		1E6EAC092B899973004CC1D2 /* Frameworks */ = {
			isa = PBXFrameworksBuildPhase;
			buildActionMask = 2147483647;
			files = (
			);
			runOnlyForDeploymentPostprocessing = 0;
		};
		1E6EAC222B899975004CC1D2 /* Frameworks */ = {
			isa = PBXFrameworksBuildPhase;
			buildActionMask = 2147483647;
			files = (
			);
			runOnlyForDeploymentPostprocessing = 0;
		};
		1E6EAC2C2B899975004CC1D2 /* Frameworks */ = {
			isa = PBXFrameworksBuildPhase;
			buildActionMask = 2147483647;
			files = (
			);
			runOnlyForDeploymentPostprocessing = 0;
		};
/* End PBXFrameworksBuildPhase section */

/* Begin PBXGroup section */
		1E6EAC032B899973004CC1D2 = {
			isa = PBXGroup;
			children = (
				1E6EAC0E2B899973004CC1D2 /* PokemonGuider */,
				1E6EAC282B899975004CC1D2 /* PokemonGuiderTests */,
				1E6EAC322B899975004CC1D2 /* PokemonGuiderUITests */,
				1E6EAC0D2B899973004CC1D2 /* Products */,
			);
			sourceTree = "<group>";
		};
		1E6EAC0D2B899973004CC1D2 /* Products */ = {
			isa = PBXGroup;
			children = (
				1E6EAC0C2B899973004CC1D2 /* PokemonGuider.app */,
				1E6EAC252B899975004CC1D2 /* PokemonGuiderTests.xctest */,
				1E6EAC2F2B899975004CC1D2 /* PokemonGuiderUITests.xctest */,
			);
			name = Products;
			sourceTree = "<group>";
		};
		1E6EAC0E2B899973004CC1D2 /* PokemonGuider */ = {
			isa = PBXGroup;
			children = (
				1E6EAC0F2B899973004CC1D2 /* AppDelegate.swift */,
				1E6EAC112B899973004CC1D2 /* SceneDelegate.swift */,
				1E6EAC132B899973004CC1D2 /* ViewController.swift */,
				1E6EAC152B899973004CC1D2 /* Main.storyboard */,
				1E6EAC1B2B899975004CC1D2 /* Assets.xcassets */,
				1E6EAC1D2B899975004CC1D2 /* LaunchScreen.storyboard */,
				1E6EAC202B899975004CC1D2 /* Info.plist */,
				1E6EAC182B899973004CC1D2 /* PokemonGuider.xcdatamodeld */,
			);
			path = PokemonGuider;
			sourceTree = "<group>";
		};
		1E6EAC282B899975004CC1D2 /* PokemonGuiderTests */ = {
			isa = PBXGroup;
			children = (
				1E6EAC292B899975004CC1D2 /* PokemonGuiderTests.swift */,
			);
			path = PokemonGuiderTests;
			sourceTree = "<group>";
		};
		1E6EAC322B899975004CC1D2 /* PokemonGuiderUITests */ = {
			isa = PBXGroup;
			children = (
				1E6EAC332B899975004CC1D2 /* PokemonGuiderUITests.swift */,
				1E6EAC352B899975004CC1D2 /* PokemonGuiderUITestsLaunchTests.swift */,
			);
			path = PokemonGuiderUITests;
			sourceTree = "<group>";
		};
/* End PBXGroup section */

/* Begin PBXNativeTarget section */
		1E6EAC0B2B899973004CC1D2 /* PokemonGuider */ = {
			isa = PBXNativeTarget;
			buildConfigurationList = 1E6EAC392B899975004CC1D2 /* Build configuration list for PBXNativeTarget "PokemonGuider" */;
			buildPhases = (
				1E6EAC082B899973004CC1D2 /* Sources */,
				1E6EAC092B899973004CC1D2 /* Frameworks */,
				1E6EAC0A2B899973004CC1D2 /* Resources */,
			);
			buildRules = (
			);
			dependencies = (
			);
			name = PokemonGuider;
			productName = PokemonGuider;
			productReference = 1E6EAC0C2B899973004CC1D2 /* PokemonGuider.app */;
			productType = "com.apple.product-type.application";
		};
		1E6EAC242B899975004CC1D2 /* PokemonGuiderTests */ = {
			isa = PBXNativeTarget;
			buildConfigurationList = 1E6EAC3C2B899975004CC1D2 /* Build configuration list for PBXNativeTarget "PokemonGuiderTests" */;
			buildPhases = (
				1E6EAC212B899975004CC1D2 /* Sources */,
				1E6EAC222B899975004CC1D2 /* Frameworks */,
				1E6EAC232B899975004CC1D2 /* Resources */,
			);
			buildRules = (
			);
			dependencies = (
				1E6EAC272B899975004CC1D2 /* PBXTargetDependency */,
			);
			name = PokemonGuiderTests;
			productName = PokemonGuiderTests;
			productReference = 1E6EAC252B899975004CC1D2 /* PokemonGuiderTests.xctest */;
			productType = "com.apple.product-type.bundle.unit-test";
		};
		1E6EAC2E2B899975004CC1D2 /* PokemonGuiderUITests */ = {
			isa = PBXNativeTarget;
			buildConfigurationList = 1E6EAC3F2B899975004CC1D2 /* Build configuration list for PBXNativeTarget "PokemonGuiderUITests" */;
			buildPhases = (
				1E6EAC2B2B899975004CC1D2 /* Sources */,
				1E6EAC2C2B899975004CC1D2 /* Frameworks */,
				1E6EAC2D2B899975004CC1D2 /* Resources */,
			);
			buildRules = (
			);
			dependencies = (
				1E6EAC312B899975004CC1D2 /* PBXTargetDependency */,
			);
			name = PokemonGuiderUITests;
			productName = PokemonGuiderUITests;
			productReference = 1E6EAC2F2B899975004CC1D2 /* PokemonGuiderUITests.xctest */;
			productType = "com.apple.product-type.bundle.ui-testing";
		};
/* End PBXNativeTarget section */

/* Begin PBXProject section */
		1E6EAC042B899973004CC1D2 /* Project object */ = {
			isa = PBXProject;
			attributes = {
				BuildIndependentTargetsInParallel = 1;
				LastSwiftUpdateCheck = 1520;
				LastUpgradeCheck = 1520;
				TargetAttributes = {
					1E6EAC0B2B899973004CC1D2 = {
						CreatedOnToolsVersion = 15.2;
					};
					1E6EAC242B899975004CC1D2 = {
						CreatedOnToolsVersion = 15.2;
						TestTargetID = 1E6EAC0B2B899973004CC1D2;
					};
					1E6EAC2E2B899975004CC1D2 = {
						CreatedOnToolsVersion = 15.2;
						TestTargetID = 1E6EAC0B2B899973004CC1D2;
					};
				};
			};
			buildConfigurationList = 1E6EAC072B899973004CC1D2 /* Build configuration list for PBXProject "PokemonGuider" */;
			compatibilityVersion = "Xcode 14.0";
			developmentRegion = en;
			hasScannedForEncodings = 0;
			knownRegions = (
				en,
				Base,
			);
			mainGroup = 1E6EAC032B899973004CC1D2;
			productRefGroup = 1E6EAC0D2B899973004CC1D2 /* Products */;
			projectDirPath = "";
			projectRoot = "";
			targets = (
				1E6EAC0B2B899973004CC1D2 /* PokemonGuider */,
				1E6EAC242B899975004CC1D2 /* PokemonGuiderTests */,
				1E6EAC2E2B899975004CC1D2 /* PokemonGuiderUITests */,
			);
		};
/* End PBXProject section */

/* Begin PBXResourcesBuildPhase section */
		1E6EAC0A2B899973004CC1D2 /* Resources */ = {
			isa = PBXResourcesBuildPhase;
			buildActionMask = 2147483647;
			files = (
				1E6EAC1F2B899975004CC1D2 /* LaunchScreen.storyboard in Resources */,
				1E6EAC1C2B899975004CC1D2 /* Assets.xcassets in Resources */,
				1E6EAC172B899973004CC1D2 /* Main.storyboard in Resources */,
			);
			runOnlyForDeploymentPostprocessing = 0;
		};
		1E6EAC232B899975004CC1D2 /* Resources */ = {
			isa = PBXResourcesBuildPhase;
			buildActionMask = 2147483647;
			files = (
			);
			runOnlyForDeploymentPostprocessing = 0;
		};
		1E6EAC2D2B899975004CC1D2 /* Resources */ = {
			isa = PBXResourcesBuildPhase;
			buildActionMask = 2147483647;
			files = (
			);
			runOnlyForDeploymentPostprocessing = 0;
		};
/* End PBXResourcesBuildPhase section */

/* Begin PBXSourcesBuildPhase section */
		1E6EAC082B899973004CC1D2 /* Sources */ = {
			isa = PBXSourcesBuildPhase;
			buildActionMask = 2147483647;
			files = (
				1E6EAC142B899973004CC1D2 /* ViewController.swift in Sources */,
				1E6EAC102B899973004CC1D2 /* AppDelegate.swift in Sources */,
				1E6EAC122B899973004CC1D2 /* SceneDelegate.swift in Sources */,
				1E6EAC1A2B899973004CC1D2 /* PokemonGuider.xcdatamodeld in Sources */,
			);
			runOnlyForDeploymentPostprocessing = 0;
		};
		1E6EAC212B899975004CC1D2 /* Sources */ = {
			isa = PBXSourcesBuildPhase;
			buildActionMask = 2147483647;
			files = (
				1E6EAC2A2B899975004CC1D2 /* PokemonGuiderTests.swift in Sources */,
			);
			runOnlyForDeploymentPostprocessing = 0;
		};
		1E6EAC2B2B899975004CC1D2 /* Sources */ = {
			isa = PBXSourcesBuildPhase;
			buildActionMask = 2147483647;
			files = (
				1E6EAC362B899975004CC1D2 /* PokemonGuiderUITestsLaunchTests.swift in Sources */,
				1E6EAC342B899975004CC1D2 /* PokemonGuiderUITests.swift in Sources */,
			);
			runOnlyForDeploymentPostprocessing = 0;
		};
/* End PBXSourcesBuildPhase section */

/* Begin PBXTargetDependency section */
		1E6EAC272B899975004CC1D2 /* PBXTargetDependency */ = {
			isa = PBXTargetDependency;
			target = 1E6EAC0B2B899973004CC1D2 /* PokemonGuider */;
			targetProxy = 1E6EAC262B899975004CC1D2 /* PBXContainerItemProxy */;
		};
		1E6EAC312B899975004CC1D2 /* PBXTargetDependency */ = {
			isa = PBXTargetDependency;
			target = 1E6EAC0B2B899973004CC1D2 /* PokemonGuider */;
			targetProxy = 1E6EAC302B899975004CC1D2 /* PBXContainerItemProxy */;
		};
/* End PBXTargetDependency section */

/* Begin PBXVariantGroup section */
		1E6EAC152B899973004CC1D2 /* Main.storyboard */ = {
			isa = PBXVariantGroup;
			children = (
				1E6EAC162B899973004CC1D2 /* Base */,
			);
			name = Main.storyboard;
			sourceTree = "<group>";
		};
		1E6EAC1D2B899975004CC1D2 /* LaunchScreen.storyboard */ = {
			isa = PBXVariantGroup;
			children = (
				1E6EAC1E2B899975004CC1D2 /* Base */,
			);
			name = LaunchScreen.storyboard;
			sourceTree = "<group>";
		};
/* End PBXVariantGroup section */

/* Begin XCBuildConfiguration section */
		1E6EAC372B899975004CC1D2 /* Debug */ = {
			isa = XCBuildConfiguration;
			buildSettings = {
				ALWAYS_SEARCH_USER_PATHS = NO;
				ASSETCATALOG_COMPILER_GENERATE_SWIFT_ASSET_SYMBOL_EXTENSIONS = YES;
				CLANG_ANALYZER_NONNULL = YES;
				CLANG_ANALYZER_NUMBER_OBJECT_CONVERSION = YES_AGGRESSIVE;
				CLANG_CXX_LANGUAGE_STANDARD = "gnu++20";
				CLANG_ENABLE_MODULES = YES;
				CLANG_ENABLE_OBJC_ARC = YES;
				CLANG_ENABLE_OBJC_WEAK = YES;
				CLANG_WARN_BLOCK_CAPTURE_AUTORELEASING = YES;
				CLANG_WARN_BOOL_CONVERSION = YES;
				CLANG_WARN_COMMA = YES;
				CLANG_WARN_CONSTANT_CONVERSION = YES;
				CLANG_WARN_DEPRECATED_OBJC_IMPLEMENTATIONS = YES;
				CLANG_WARN_DIRECT_OBJC_ISA_USAGE = YES_ERROR;
				CLANG_WARN_DOCUMENTATION_COMMENTS = YES;
				CLANG_WARN_EMPTY_BODY = YES;
				CLANG_WARN_ENUM_CONVERSION = YES;
				CLANG_WARN_INFINITE_RECURSION = YES;
				CLANG_WARN_INT_CONVERSION = YES;
				CLANG_WARN_NON_LITERAL_NULL_CONVERSION = YES;
				CLANG_WARN_OBJC_IMPLICIT_RETAIN_SELF = YES;
				CLANG_WARN_OBJC_LITERAL_CONVERSION = YES;
				CLANG_WARN_OBJC_ROOT_CLASS = YES_ERROR;
				CLANG_WARN_QUOTED_INCLUDE_IN_FRAMEWORK_HEADER = YES;
				CLANG_WARN_RANGE_LOOP_ANALYSIS = YES;
				CLANG_WARN_STRICT_PROTOTYPES = YES;
				CLANG_WARN_SUSPICIOUS_MOVE = YES;
				CLANG_WARN_UNGUARDED_AVAILABILITY = YES_AGGRESSIVE;
				CLANG_WARN_UNREACHABLE_CODE = YES;
				CLANG_WARN__DUPLICATE_METHOD_MATCH = YES;
				COPY_PHASE_STRIP = NO;
				DEBUG_INFORMATION_FORMAT = dwarf;
				ENABLE_STRICT_OBJC_MSGSEND = YES;
				ENABLE_TESTABILITY = YES;
				ENABLE_USER_SCRIPT_SANDBOXING = YES;
				GCC_C_LANGUAGE_STANDARD = gnu17;
				GCC_DYNAMIC_NO_PIC = NO;
				GCC_NO_COMMON_BLOCKS = YES;
				GCC_OPTIMIZATION_LEVEL = 0;
				GCC_PREPROCESSOR_DEFINITIONS = (
					"DEBUG=1",
					"$(inherited)",
				);
				GCC_WARN_64_TO_32_BIT_CONVERSION = YES;
				GCC_WARN_ABOUT_RETURN_TYPE = YES_ERROR;
				GCC_WARN_UNDECLARED_SELECTOR = YES;
				GCC_WARN_UNINITIALIZED_AUTOS = YES_AGGRESSIVE;
				GCC_WARN_UNUSED_FUNCTION = YES;
				GCC_WARN_UNUSED_VARIABLE = YES;
				IPHONEOS_DEPLOYMENT_TARGET = 17.2;
				LOCALIZATION_PREFERS_STRING_CATALOGS = YES;
				MTL_ENABLE_DEBUG_INFO = INCLUDE_SOURCE;
				MTL_FAST_MATH = YES;
				ONLY_ACTIVE_ARCH = YES;
				SDKROOT = iphoneos;
				SWIFT_ACTIVE_COMPILATION_CONDITIONS = "DEBUG $(inherited)";
				SWIFT_OPTIMIZATION_LEVEL = "-Onone";
			};
			name = Debug;
		};
		1E6EAC382B899975004CC1D2 /* Release */ = {
			isa = XCBuildConfiguration;
			buildSettings = {
				ALWAYS_SEARCH_USER_PATHS = NO;
				ASSETCATALOG_COMPILER_GENERATE_SWIFT_ASSET_SYMBOL_EXTENSIONS = YES;
				CLANG_ANALYZER_NONNULL = YES;
				CLANG_ANALYZER_NUMBER_OBJECT_CONVERSION = YES_AGGRESSIVE;
				CLANG_CXX_LANGUAGE_STANDARD = "gnu++20";
				CLANG_ENABLE_MODULES = YES;
				CLANG_ENABLE_OBJC_ARC = YES;
				CLANG_ENABLE_OBJC_WEAK = YES;
				CLANG_WARN_BLOCK_CAPTURE_AUTORELEASING = YES;
				CLANG_WARN_BOOL_CONVERSION = YES;
				CLANG_WARN_COMMA = YES;
				CLANG_WARN_CONSTANT_CONVERSION = YES;
				CLANG_WARN_DEPRECATED_OBJC_IMPLEMENTATIONS = YES;
				CLANG_WARN_DIRECT_OBJC_ISA_USAGE = YES_ERROR;
				CLANG_WARN_DOCUMENTATION_COMMENTS = YES;
				CLANG_WARN_EMPTY_BODY = YES;
				CLANG_WARN_ENUM_CONVERSION = YES;
				CLANG_WARN_INFINITE_RECURSION = YES;
				CLANG_WARN_INT_CONVERSION = YES;
				CLANG_WARN_NON_LITERAL_NULL_CONVERSION = YES;
				CLANG_WARN_OBJC_IMPLICIT_RETAIN_SELF = YES;
				CLANG_WARN_OBJC_LITERAL_CONVERSION = YES;
				CLANG_WARN_OBJC_ROOT_CLASS = YES_ERROR;
				CLANG_WARN_QUOTED_INCLUDE_IN_FRAMEWORK_HEADER = YES;
				CLANG_WARN_RANGE_LOOP_ANALYSIS = YES;
				CLANG_WARN_STRICT_PROTOTYPES = YES;
				CLANG_WARN_SUSPICIOUS_MOVE = YES;
				CLANG_WARN_UNGUARDED_AVAILABILITY = YES_AGGRESSIVE;
				CLANG_WARN_UNREACHABLE_CODE = YES;
				CLANG_WARN__DUPLICATE_METHOD_MATCH = YES;
				COPY_PHASE_STRIP = NO;
				DEBUG_INFORMATION_FORMAT = "dwarf-with-dsym";
				ENABLE_NS_ASSERTIONS = NO;
				ENABLE_STRICT_OBJC_MSGSEND = YES;
				ENABLE_USER_SCRIPT_SANDBOXING = YES;
				GCC_C_LANGUAGE_STANDARD = gnu17;
				GCC_NO_COMMON_BLOCKS = YES;
				GCC_WARN_64_TO_32_BIT_CONVERSION = YES;
				GCC_WARN_ABOUT_RETURN_TYPE = YES_ERROR;
				GCC_WARN_UNDECLARED_SELECTOR = YES;
				GCC_WARN_UNINITIALIZED_AUTOS = YES_AGGRESSIVE;
				GCC_WARN_UNUSED_FUNCTION = YES;
				GCC_WARN_UNUSED_VARIABLE = YES;
				IPHONEOS_DEPLOYMENT_TARGET = 17.2;
				LOCALIZATION_PREFERS_STRING_CATALOGS = YES;
				MTL_ENABLE_DEBUG_INFO = NO;
				MTL_FAST_MATH = YES;
				SDKROOT = iphoneos;
				SWIFT_COMPILATION_MODE = wholemodule;
				VALIDATE_PRODUCT = YES;
			};
			name = Release;
		};
		1E6EAC3A2B899975004CC1D2 /* Debug */ = {
			isa = XCBuildConfiguration;
			buildSettings = {
				ASSETCATALOG_COMPILER_APPICON_NAME = AppIcon;
				ASSETCATALOG_COMPILER_GLOBAL_ACCENT_COLOR_NAME = AccentColor;
				CODE_SIGN_STYLE = Automatic;
				CURRENT_PROJECT_VERSION = 1;
				DEVELOPMENT_TEAM = 4U9BQ9X87W;
				GENERATE_INFOPLIST_FILE = YES;
				INFOPLIST_FILE = PokemonGuider/Info.plist;
				INFOPLIST_KEY_UIApplicationSupportsIndirectInputEvents = YES;
				INFOPLIST_KEY_UILaunchStoryboardName = LaunchScreen;
				INFOPLIST_KEY_UIMainStoryboardFile = Main;
				INFOPLIST_KEY_UISupportedInterfaceOrientations_iPad = "UIInterfaceOrientationPortrait UIInterfaceOrientationPortraitUpsideDown UIInterfaceOrientationLandscapeLeft UIInterfaceOrientationLandscapeRight";
				INFOPLIST_KEY_UISupportedInterfaceOrientations_iPhone = "UIInterfaceOrientationPortrait UIInterfaceOrientationLandscapeLeft UIInterfaceOrientationLandscapeRight";
				LD_RUNPATH_SEARCH_PATHS = (
					"$(inherited)",
					"@executable_path/Frameworks",
				);
				MARKETING_VERSION = 1.0;
				PRODUCT_BUNDLE_IDENTIFIER = li.zhgchg.PokemonGuider;
				PRODUCT_NAME = "$(TARGET_NAME)";
				SWIFT_EMIT_LOC_STRINGS = YES;
				SWIFT_VERSION = 5.0;
				TARGETED_DEVICE_FAMILY = "1,2";
			};
			name = Debug;
		};
		1E6EAC3B2B899975004CC1D2 /* Release */ = {
			isa = XCBuildConfiguration;
			buildSettings = {
				ASSETCATALOG_COMPILER_APPICON_NAME = AppIcon;
				ASSETCATALOG_COMPILER_GLOBAL_ACCENT_COLOR_NAME = AccentColor;
				CODE_SIGN_STYLE = Automatic;
				CURRENT_PROJECT_VERSION = 1;
				DEVELOPMENT_TEAM = 4U9BQ9X87W;
				GENERATE_INFOPLIST_FILE = YES;
				INFOPLIST_FILE = PokemonGuider/Info.plist;
				INFOPLIST_KEY_UIApplicationSupportsIndirectInputEvents = YES;
				INFOPLIST_KEY_UILaunchStoryboardName = LaunchScreen;
				INFOPLIST_KEY_UIMainStoryboardFile = Main;
				INFOPLIST_KEY_UISupportedInterfaceOrientations_iPad = "UIInterfaceOrientationPortrait UIInterfaceOrientationPortraitUpsideDown UIInterfaceOrientationLandscapeLeft UIInterfaceOrientationLandscapeRight";
				INFOPLIST_KEY_UISupportedInterfaceOrientations_iPhone = "UIInterfaceOrientationPortrait UIInterfaceOrientationLandscapeLeft UIInterfaceOrientationLandscapeRight";
				LD_RUNPATH_SEARCH_PATHS = (
					"$(inherited)",
					"@executable_path/Frameworks",
				);
				MARKETING_VERSION = 1.0;
				PRODUCT_BUNDLE_IDENTIFIER = li.zhgchg.PokemonGuider;
				PRODUCT_NAME = "$(TARGET_NAME)";
				SWIFT_EMIT_LOC_STRINGS = YES;
				SWIFT_VERSION = 5.0;
				TARGETED_DEVICE_FAMILY = "1,2";
			};
			name = Release;
		};
		1E6EAC3D2B899975004CC1D2 /* Debug */ = {
			isa = XCBuildConfiguration;
			buildSettings = {
				ALWAYS_EMBED_SWIFT_STANDARD_LIBRARIES = YES;
				BUNDLE_LOADER = "$(TEST_HOST)";
				CODE_SIGN_STYLE = Automatic;
				CURRENT_PROJECT_VERSION = 1;
				DEVELOPMENT_TEAM = 4U9BQ9X87W;
				GENERATE_INFOPLIST_FILE = YES;
				IPHONEOS_DEPLOYMENT_TARGET = 17.2;
				MARKETING_VERSION = 1.0;
				PRODUCT_BUNDLE_IDENTIFIER = li.zhgchg.PokemonGuiderTests;
				PRODUCT_NAME = "$(TARGET_NAME)";
				SWIFT_EMIT_LOC_STRINGS = NO;
				SWIFT_VERSION = 5.0;
				TARGETED_DEVICE_FAMILY = "1,2";
				TEST_HOST = "$(BUILT_PRODUCTS_DIR)/PokemonGuider.app/$(BUNDLE_EXECUTABLE_FOLDER_PATH)/PokemonGuider";
			};
			name = Debug;
		};
		1E6EAC3E2B899975004CC1D2 /* Release */ = {
			isa = XCBuildConfiguration;
			buildSettings = {
				ALWAYS_EMBED_SWIFT_STANDARD_LIBRARIES = YES;
				BUNDLE_LOADER = "$(TEST_HOST)";
				CODE_SIGN_STYLE = Automatic;
				CURRENT_PROJECT_VERSION = 1;
				DEVELOPMENT_TEAM = 4U9BQ9X87W;
				GENERATE_INFOPLIST_FILE = YES;
				IPHONEOS_DEPLOYMENT_TARGET = 17.2;
				MARKETING_VERSION = 1.0;
				PRODUCT_BUNDLE_IDENTIFIER = li.zhgchg.PokemonGuiderTests;
				PRODUCT_NAME = "$(TARGET_NAME)";
				SWIFT_EMIT_LOC_STRINGS = NO;
				SWIFT_VERSION = 5.0;
				TARGETED_DEVICE_FAMILY = "1,2";
				TEST_HOST = "$(BUILT_PRODUCTS_DIR)/PokemonGuider.app/$(BUNDLE_EXECUTABLE_FOLDER_PATH)/PokemonGuider";
			};
			name = Release;
		};
		1E6EAC402B899975004CC1D2 /* Debug */ = {
			isa = XCBuildConfiguration;
			buildSettings = {
				ALWAYS_EMBED_SWIFT_STANDARD_LIBRARIES = YES;
				CODE_SIGN_STYLE = Automatic;
				CURRENT_PROJECT_VERSION = 1;
				DEVELOPMENT_TEAM = 4U9BQ9X87W;
				GENERATE_INFOPLIST_FILE = YES;
				MARKETING_VERSION = 1.0;
				PRODUCT_BUNDLE_IDENTIFIER = li.zhgchg.PokemonGuiderUITests;
				PRODUCT_NAME = "$(TARGET_NAME)";
				SWIFT_EMIT_LOC_STRINGS = NO;
				SWIFT_VERSION = 5.0;
				TARGETED_DEVICE_FAMILY = "1,2";
				TEST_TARGET_NAME = PokemonGuider;
			};
			name = Debug;
		};
		1E6EAC412B899975004CC1D2 /* Release */ = {
			isa = XCBuildConfiguration;
			buildSettings = {
				ALWAYS_EMBED_SWIFT_STANDARD_LIBRARIES = YES;
				CODE_SIGN_STYLE = Automatic;
				CURRENT_PROJECT_VERSION = 1;
				DEVELOPMENT_TEAM = 4U9BQ9X87W;
				GENERATE_INFOPLIST_FILE = YES;
				MARKETING_VERSION = 1.0;
				PRODUCT_BUNDLE_IDENTIFIER = li.zhgchg.PokemonGuiderUITests;
				PRODUCT_NAME = "$(TARGET_NAME)";
				SWIFT_EMIT_LOC_STRINGS = NO;
				SWIFT_VERSION = 5.0;
				TARGETED_DEVICE_FAMILY = "1,2";
				TEST_TARGET_NAME = PokemonGuider;
			};
			name = Release;
		};
/* End XCBuildConfiguration section */

/* Begin XCConfigurationList section */
		1E6EAC072B899973004CC1D2 /* Build configuration list for PBXProject "PokemonGuider" */ = {
			isa = XCConfigurationList;
			buildConfigurations = (
				1E6EAC372B899975004CC1D2 /* Debug */,
				1E6EAC382B899975004CC1D2 /* Release */,
			);
			defaultConfigurationIsVisible = 0;
			defaultConfigurationName = Release;
		};
		1E6EAC392B899975004CC1D2 /* Build configuration list for PBXNativeTarget "PokemonGuider" */ = {
			isa = XCConfigurationList;
			buildConfigurations = (
				1E6EAC3A2B899975004CC1D2 /* Debug */,
				1E6EAC3B2B899975004CC1D2 /* Release */,
			);
			defaultConfigurationIsVisible = 0;
			defaultConfigurationName = Release;
		};
		1E6EAC3C2B899975004CC1D2 /* Build configuration list for PBXNativeTarget "PokemonGuiderTests" */ = {
			isa = XCConfigurationList;
			buildConfigurations = (
				1E6EAC3D2B899975004CC1D2 /* Debug */,
				1E6EAC3E2B899975004CC1D2 /* Release */,
			);
			defaultConfigurationIsVisible = 0;
			defaultConfigurationName = Release;
		};
		1E6EAC3F2B899975004CC1D2 /* Build configuration list for PBXNativeTarget "PokemonGuiderUITests" */ = {
			isa = XCConfigurationList;
			buildConfigurations = (
				1E6EAC402B899975004CC1D2 /* Debug */,
				1E6EAC412B899975004CC1D2 /* Release */,
			);
			defaultConfigurationIsVisible = 0;
			defaultConfigurationName = Release;
		};
/* End XCConfigurationList section */

/* Begin XCVersionGroup section */
		1E6EAC182B899973004CC1D2 /* PokemonGuider.xcdatamodeld */ = {
			isa = XCVersionGroup;
			children = (
				1E6EAC192B899973004CC1D2 /* PokemonGuider.xcdatamodel */,
			);
			currentVersion = 1E6EAC192B899973004CC1D2 /* PokemonGuider.xcdatamodel */;
			path = PokemonGuider.xcdatamodeld;
			sourceTree = "<group>";
			versionGroupType = wrapper.xcdatamodel;
		};
/* End XCVersionGroup section */
	};
	rootObject = 1E6EAC042B899973004CC1D2 /* Project object */;
}
